
Microsoft Visual Studio Solution File, Format Version 12.00
# Visual Studio Version 16
VisualStudioVersion = 16.0.29123.88
MinimumVisualStudioVersion = 10.0.40219.1
Project("{F184B08F-C81C-45F6-A57F-5ABD9991F28F}") = "DWSIM", "DWSIM\DWSIM.vbproj", "{34BE2D2D-9B3C-4C12-8C90-732E21CD7CB1}"
	ProjectSection(ProjectDependencies) = postProject
		{2FFD2514-E4F9-4C19-B38E-B77560585D61} = {2FFD2514-E4F9-4C19-B38E-B77560585D61}
		{BA99BA15-8C63-408E-B65F-1E7160F85E9C} = {BA99BA15-8C63-408E-B65F-1E7160F85E9C}
		{2FC4816C-796D-4366-98F6-C6E3D481E66D} = {2FC4816C-796D-4366-98F6-C6E3D481E66D}
		{A93330A8-2E9F-4A01-8F3E-9EFC685AA378} = {A93330A8-2E9F-4A01-8F3E-9EFC685AA378}
		{86AF29BB-4CB1-4818-98A3-031D0711625D} = {86AF29BB-4CB1-4818-98A3-031D0711625D}
		{A5F6E7CC-0710-4129-9FAA-9FBE9BC4FFCF} = {A5F6E7CC-0710-4129-9FAA-9FBE9BC4FFCF}
		{FEA05AE3-5EE2-4A7B-88B3-1A4F9000EA08} = {FEA05AE3-5EE2-4A7B-88B3-1A4F9000EA08}
		{0F6737EB-DB5A-4872-BEF8-5EF10B4F1C1C} = {0F6737EB-DB5A-4872-BEF8-5EF10B4F1C1C}
		{A4B56FF1-995E-4288-8801-7F086668C4A2} = {A4B56FF1-995E-4288-8801-7F086668C4A2}
	EndProjectSection
EndProject
Project("{F184B08F-C81C-45F6-A57F-5ABD9991F28F}") = "DWSIM.Plugins.NaturalGas", "DWSIM.Plugins.NaturalGas\DWSIM.Plugins.NaturalGas.vbproj", "{B8715C47-862B-46CF-8784-573B40407E4D}"
EndProject
Project("{F184B08F-C81C-45F6-A57F-5ABD9991F28F}") = "DWSIM.XMLSerializer", "DWSIM.Serializers.XML\DWSIM.XMLSerializer.vbproj", "{6C232866-A87B-409A-8A02-39F2FF218561}"
EndProject
Project("{FAE04EC0-301F-11D3-BF4B-00C04F79EFBC}") = "DWSIM.Thermodynamics.CoolPropInterface", "DWSIM.Thermodynamics.CoolPropInterface\DWSIM.Thermodynamics.CoolPropInterface.csproj", "{A5F6E7CC-0710-4129-9FAA-9FBE9BC4FFCF}"
EndProject
Project("{F184B08F-C81C-45F6-A57F-5ABD9991F28F}") = "DWSIM.Apps.AzureServer", "DWSIM.Apps.AzureServer\DWSIM.Apps.AzureServer.vbproj", "{A7FB4DBF-4EBF-4004-9819-F26E791AAA60}"
EndProject
Project("{F184B08F-C81C-45F6-A57F-5ABD9991F28F}") = "DWSIM.Apps.TCPServer", "DWSIM.Apps.TCPServer\DWSIM.Apps.TCPServer.vbproj", "{DBB0E704-7E7B-4DDA-AAC2-A00F7168FDC3}"
EndProject
Project("{FAE04EC0-301F-11D3-BF4B-00C04F79EFBC}") = "DWSIM.Controls.DockPanel", "DWSIM.Controls.DockPanel\WinFormsUI\DWSIM.Controls.DockPanel.csproj", "{C75532C4-765B-418E-B09B-46D36B2ABDB1}"
EndProject
Project("{FAE04EC0-301F-11D3-BF4B-00C04F79EFBC}") = "DWSIM.Controls.DockPanel.ThemeVS2012Light", "DWSIM.Controls.DockPanel\WinFormsUI\DWSIM.Controls.DockPanel.ThemeVS2012Light.csproj", "{4ED4FDB5-9FD0-49E6-876D-1635F727C755}"
	ProjectSection(ProjectDependencies) = postProject
		{C75532C4-765B-418E-B09B-46D36B2ABDB1} = {C75532C4-765B-418E-B09B-46D36B2ABDB1}
	EndProjectSection
EndProject
Project("{FAE04EC0-301F-11D3-BF4B-00C04F79EFBC}") = "DWSIM.Controls.TabStrip", "DWSIM.Controls.TabStrip\DWSIM.Controls.TabStrip.csproj", "{F929CA6A-87BD-42C8-8D0A-6455DB6F55DC}"
EndProject
Project("{F184B08F-C81C-45F6-A57F-5ABD9991F28F}") = "DWSIM.Interfaces", "DWSIM.Interfaces\DWSIM.Interfaces.vbproj", "{50BFD69A-487E-4B38-86EA-48ACD85A0EB1}"
EndProject
Project("{F184B08F-C81C-45F6-A57F-5ABD9991F28F}") = "DWSIM.Thermodynamics", "DWSIM.Thermodynamics\DWSIM.Thermodynamics.vbproj", "{369BC7AF-836B-4DE1-93E3-B051BC148B23}"
EndProject
Project("{F184B08F-C81C-45F6-A57F-5ABD9991F28F}") = "DWSIM.SharedClasses", "DWSIM.SharedClasses\DWSIM.SharedClasses.vbproj", "{30E167D2-5B5A-453A-A92C-18FF3BBB6691}"
EndProject
Project("{F184B08F-C81C-45F6-A57F-5ABD9991F28F}") = "DWSIM.UnitOperations", "DWSIM.UnitOperations\DWSIM.UnitOperations.vbproj", "{9D7733E4-9B6F-437F-AAEC-CA3106ACA688}"
EndProject
Project("{F184B08F-C81C-45F6-A57F-5ABD9991F28F}") = "DWSIM.FlowsheetSolver", "DWSIM.FlowsheetSolver\DWSIM.FlowsheetSolver.vbproj", "{1D223714-D3C8-463A-B4DC-FEFA1323EC87}"
EndProject
Project("{F184B08F-C81C-45F6-A57F-5ABD9991F28F}") = "DWSIM.GlobalSettings", "DWSIM.GlobalSettings\DWSIM.GlobalSettings.vbproj", "{725C8134-9FE3-43AA-9B33-D9046657FB2A}"
EndProject
Project("{F184B08F-C81C-45F6-A57F-5ABD9991F28F}") = "DWSIM.MathOps", "DWSIM.Math\DWSIM.MathOps.vbproj", "{FDFB92DE-D189-49DC-91CC-60EE78D1356C}"
EndProject
Project("{FAE04EC0-301F-11D3-BF4B-00C04F79EFBC}") = "DWSIM.MathOps.SwarmOps", "DWSIM.Math.SwarmOps\DWSIM.MathOps.SwarmOps.csproj", "{8F45EFAA-9EAC-403F-B2B0-123F0321056E}"
EndProject
Project("{FAE04EC0-301F-11D3-BF4B-00C04F79EFBC}") = "DWSIM.MathOps.RandomOps", "DWSIM.Math.RandomOps\DWSIM.MathOps.RandomOps.csproj", "{F5DFAFED-C786-4DC3-9818-16C992DE3990}"
EndProject
Project("{F184B08F-C81C-45F6-A57F-5ABD9991F28F}") = "DWSIM.Controls.PropertyGridEx", "DWSIM.Controls.PropertyGridEx\DWSIM.Controls.PropertyGridEx.vbproj", "{B0BB47F2-21C4-41FC-B6E6-40757ADFC4A1}"
EndProject
Project("{F184B08F-C81C-45F6-A57F-5ABD9991F28F}") = "DWSIM.ExtensionMethods", "DWSIM.ExtensionMethods\DWSIM.ExtensionMethods.vbproj", "{1E12C010-2661-4896-9C00-90F8B41ED10A}"
EndProject
Project("{2150E333-8FDC-42A3-9474-1A3956D46DE8}") = "Solution Items", "Solution Items", "{59BD7344-FE2F-4A7F-A309-FE7E090C6342}"
	ProjectSection(SolutionItems) = preProject
		README.md = README.md
	EndProjectSection
EndProject
Project("{FAE04EC0-301F-11D3-BF4B-00C04F79EFBC}") = "DWSIM.MathOps.DotNumerics", "DWSIM.Math.DotNumerics\DWSIM.MathOps.DotNumerics.csproj", "{48185EF1-B73B-457B-AA37-0BCE567C5AB1}"
EndProject
Project("{FAE04EC0-301F-11D3-BF4B-00C04F79EFBC}") = "DWSIM.Controls.ZedGraph", "DWSIM.Controls.ZedGraph\DWSIM.Controls.ZedGraph.csproj", "{2541686B-1673-43BF-AF89-3163945DB009}"
EndProject
Project("{F184B08F-C81C-45F6-A57F-5ABD9991F28F}") = "DWSIM.DrawingTools.SkiaSharp", "DWSIM.Drawing.SkiaSharp\DWSIM.DrawingTools.SkiaSharp.vbproj", "{77040ECC-07B9-4B21-8B1F-7E45764E35F0}"
EndProject
Project("{FAE04EC0-301F-11D3-BF4B-00C04F79EFBC}") = "DWSIM.Automation", "DWSIM.Automation\DWSIM.Automation.csproj", "{4BB36089-89F6-4BBF-A39C-1D0A3F232F07}"
EndProject
Project("{F184B08F-C81C-45F6-A57F-5ABD9991F28F}") = "DWSIM.Automation.Tests", "DWSIM.Automation.Tests\DWSIM.Automation.Tests.vbproj", "{E77FDF74-D152-42EE-8A55-90EC13DB797F}"
EndProject
Project("{FAE04EC0-301F-11D3-BF4B-00C04F79EFBC}") = "DWSIM.Libraries.OctaveSharp", "DWSIM.Libraries.OctaveSharp\DWSIM.Libraries.OctaveSharp.csproj", "{A93330A8-2E9F-4A01-8F3E-9EFC685AA378}"
EndProject
Project("{FAE04EC0-301F-11D3-BF4B-00C04F79EFBC}") = "DWSIM.Thermodynamics.AdvancedEOS", "DWSIM.Thermodynamics.AdvancedEOS\DWSIM.Thermodynamics.AdvancedEOS.csproj", "{DC5B9572-697E-485A-B659-FDC65956611F}"
EndProject
Project("{F184B08F-C81C-45F6-A57F-5ABD9991F28F}") = "DWSIM.Thermodynamics.Databases.KDBLink", "DWSIM.Thermodynamics.Databases.KDBLink\DWSIM.Thermodynamics.Databases.KDBLink.vbproj", "{FEA05AE3-5EE2-4A7B-88B3-1A4F9000EA08}"
EndProject
Project("{F184B08F-C81C-45F6-A57F-5ABD9991F28F}") = "DWSIM.Thermodynamics.Databases.ChemeoLink", "DWSIM.Thermodynamics.Databases.ChemeoLink\DWSIM.Thermodynamics.Databases.ChemeoLink.vbproj", "{EDB0B095-FF87-4B07-A06F-E314C45D73D4}"
EndProject
Project("{F184B08F-C81C-45F6-A57F-5ABD9991F28F}") = "DWSIM.Thermodynamics.Databases.DDBStructureLink", "DWSIM.Thermodynamics.Databases.DDBStructureLink\DWSIM.Thermodynamics.Databases.DDBStructureLink.vbproj", "{FFF180F2-BA11-4028-BF82-A737B56999DE}"
EndProject
Project("{FAE04EC0-301F-11D3-BF4B-00C04F79EFBC}") = "DWSIM.Libraries.PythonLink", "DWSIM.Libraries.PythonLink\DWSIM.Libraries.PythonLink.csproj", "{3A73164C-C190-4D33-AE6C-A3BC69873E73}"
EndProject
Project("{2150E333-8FDC-42A3-9474-1A3956D46DE8}") = ".nuget", ".nuget", "{3214CDEB-5764-4DA2-B4CB-D923463D0386}"
	ProjectSection(SolutionItems) = preProject
		.nuget\NuGet.Config = .nuget\NuGet.Config
		.nuget\NuGet.exe = .nuget\NuGet.exe
		.nuget\NuGet.targets = .nuget\NuGet.targets
	EndProjectSection
EndProject
Project("{FAE04EC0-301F-11D3-BF4B-00C04F79EFBC}") = "DWSIM.UI.Desktop.Forms", "DWSIM.UI.Desktop.Forms\DWSIM.UI.Desktop.Forms.csproj", "{766C669B-91BD-4C62-A2AF-D3FB9C939715}"
	ProjectSection(ProjectDependencies) = postProject
		{1E12C010-2661-4896-9C00-90F8B41ED10A} = {1E12C010-2661-4896-9C00-90F8B41ED10A}
		{6C232866-A87B-409A-8A02-39F2FF218561} = {6C232866-A87B-409A-8A02-39F2FF218561}
		{5BA7546B-010C-4197-975E-F462BBEA1EC4} = {5BA7546B-010C-4197-975E-F462BBEA1EC4}
		{FDFB92DE-D189-49DC-91CC-60EE78D1356C} = {FDFB92DE-D189-49DC-91CC-60EE78D1356C}
	EndProjectSection
EndProject
Project("{FAE04EC0-301F-11D3-BF4B-00C04F79EFBC}") = "DWSIM.UI.Desktop", "DWSIM.UI.Desktop\DWSIM.UI.Desktop.csproj", "{7E6FB1E7-1450-42FC-ADA4-A724FE43047B}"
	ProjectSection(ProjectDependencies) = postProject
		{1D223714-D3C8-463A-B4DC-FEFA1323EC87} = {1D223714-D3C8-463A-B4DC-FEFA1323EC87}
		{BA99BA15-8C63-408E-B65F-1E7160F85E9C} = {BA99BA15-8C63-408E-B65F-1E7160F85E9C}
		{A58EB237-F703-45CF-89F9-E8B91BFF76C1} = {A58EB237-F703-45CF-89F9-E8B91BFF76C1}
		{67C35D45-F95A-4092-82E0-D9CF3B491D41} = {67C35D45-F95A-4092-82E0-D9CF3B491D41}
		{B8715C47-862B-46CF-8784-573B40407E4D} = {B8715C47-862B-46CF-8784-573B40407E4D}
		{3A73164C-C190-4D33-AE6C-A3BC69873E73} = {3A73164C-C190-4D33-AE6C-A3BC69873E73}
		{F929CA6A-87BD-42C8-8D0A-6455DB6F55DC} = {F929CA6A-87BD-42C8-8D0A-6455DB6F55DC}
		{2541686B-1673-43BF-AF89-3163945DB009} = {2541686B-1673-43BF-AF89-3163945DB009}
		{2FC4816C-796D-4366-98F6-C6E3D481E66D} = {2FC4816C-796D-4366-98F6-C6E3D481E66D}
		{EDB0B095-FF87-4B07-A06F-E314C45D73D4} = {EDB0B095-FF87-4B07-A06F-E314C45D73D4}
		{A93330A8-2E9F-4A01-8F3E-9EFC685AA378} = {A93330A8-2E9F-4A01-8F3E-9EFC685AA378}
		{8F45EFAA-9EAC-403F-B2B0-123F0321056E} = {8F45EFAA-9EAC-403F-B2B0-123F0321056E}
		{369BC7AF-836B-4DE1-93E3-B051BC148B23} = {369BC7AF-836B-4DE1-93E3-B051BC148B23}
		{4ED4FDB5-9FD0-49E6-876D-1635F727C755} = {4ED4FDB5-9FD0-49E6-876D-1635F727C755}
		{86AF29BB-4CB1-4818-98A3-031D0711625D} = {86AF29BB-4CB1-4818-98A3-031D0711625D}
		{C75532C4-765B-418E-B09B-46D36B2ABDB1} = {C75532C4-765B-418E-B09B-46D36B2ABDB1}
		{A5F6E7CC-0710-4129-9FAA-9FBE9BC4FFCF} = {A5F6E7CC-0710-4129-9FAA-9FBE9BC4FFCF}
		{30E167D2-5B5A-453A-A92C-18FF3BBB6691} = {30E167D2-5B5A-453A-A92C-18FF3BBB6691}
		{FDFB92DE-D189-49DC-91CC-60EE78D1356C} = {FDFB92DE-D189-49DC-91CC-60EE78D1356C}
		{FEA05AE3-5EE2-4A7B-88B3-1A4F9000EA08} = {FEA05AE3-5EE2-4A7B-88B3-1A4F9000EA08}
		{9D7733E4-9B6F-437F-AAEC-CA3106ACA688} = {9D7733E4-9B6F-437F-AAEC-CA3106ACA688}
		{0F6737EB-DB5A-4872-BEF8-5EF10B4F1C1C} = {0F6737EB-DB5A-4872-BEF8-5EF10B4F1C1C}
		{F5DFAFED-C786-4DC3-9818-16C992DE3990} = {F5DFAFED-C786-4DC3-9818-16C992DE3990}
		{48185EF1-B73B-457B-AA37-0BCE567C5AB1} = {48185EF1-B73B-457B-AA37-0BCE567C5AB1}
		{A4B56FF1-995E-4288-8801-7F086668C4A2} = {A4B56FF1-995E-4288-8801-7F086668C4A2}
		{B0BB47F2-21C4-41FC-B6E6-40757ADFC4A1} = {B0BB47F2-21C4-41FC-B6E6-40757ADFC4A1}
		{FFF180F2-BA11-4028-BF82-A737B56999DE} = {FFF180F2-BA11-4028-BF82-A737B56999DE}
		{E4E37BFA-063F-4DBA-A1BF-294D392C2CA4} = {E4E37BFA-063F-4DBA-A1BF-294D392C2CA4}
	EndProjectSection
EndProject
Project("{FAE04EC0-301F-11D3-BF4B-00C04F79EFBC}") = "DWSIM.UI.Desktop.WPF", "DWSIM.UI.Desktop.WPF\DWSIM.UI.Desktop.WPF.csproj", "{2FC4816C-796D-4366-98F6-C6E3D481E66D}"
	ProjectSection(ProjectDependencies) = postProject
		{5BA7546B-010C-4197-975E-F462BBEA1EC4} = {5BA7546B-010C-4197-975E-F462BBEA1EC4}
	EndProjectSection
EndProject
Project("{FAE04EC0-301F-11D3-BF4B-00C04F79EFBC}") = "DWSIM.UI.Desktop.GTK", "DWSIM.UI.Desktop.GTK\DWSIM.UI.Desktop.GTK.csproj", "{67C35D45-F95A-4092-82E0-D9CF3B491D41}"
	ProjectSection(ProjectDependencies) = postProject
		{5BA7546B-010C-4197-975E-F462BBEA1EC4} = {5BA7546B-010C-4197-975E-F462BBEA1EC4}
	EndProjectSection
EndProject
Project("{F184B08F-C81C-45F6-A57F-5ABD9991F28F}") = "DWSIM.FlowsheetBase", "DWSIM.FlowsheetBase\DWSIM.FlowsheetBase.vbproj", "{AEA79E29-5DFF-4AA8-B431-087A67A1467B}"
EndProject
Project("{FAE04EC0-301F-11D3-BF4B-00C04F79EFBC}") = "DWSIM.UI.Desktop.Mac", "DWSIM.UI.Desktop.Mac\DWSIM.UI.Desktop.Mac.csproj", "{DB4BE4C5-CF84-48AE-ACA0-3A275112E1DB}"
	ProjectSection(ProjectDependencies) = postProject
		{5BA7546B-010C-4197-975E-F462BBEA1EC4} = {5BA7546B-010C-4197-975E-F462BBEA1EC4}
	EndProjectSection
EndProject
Project("{FAE04EC0-301F-11D3-BF4B-00C04F79EFBC}") = "DWSIM.UI.Desktop.Editors", "DWSIM.UI.Desktop.Editors\DWSIM.UI.Desktop.Editors.csproj", "{BA99BA15-8C63-408E-B65F-1E7160F85E9C}"
	ProjectSection(ProjectDependencies) = postProject
		{F929CA6A-87BD-42C8-8D0A-6455DB6F55DC} = {F929CA6A-87BD-42C8-8D0A-6455DB6F55DC}
		{5BA7546B-010C-4197-975E-F462BBEA1EC4} = {5BA7546B-010C-4197-975E-F462BBEA1EC4}
		{2541686B-1673-43BF-AF89-3163945DB009} = {2541686B-1673-43BF-AF89-3163945DB009}
		{4ED4FDB5-9FD0-49E6-876D-1635F727C755} = {4ED4FDB5-9FD0-49E6-876D-1635F727C755}
		{C75532C4-765B-418E-B09B-46D36B2ABDB1} = {C75532C4-765B-418E-B09B-46D36B2ABDB1}
		{B0BB47F2-21C4-41FC-B6E6-40757ADFC4A1} = {B0BB47F2-21C4-41FC-B6E6-40757ADFC4A1}
	EndProjectSection
EndProject
Project("{FAE04EC0-301F-11D3-BF4B-00C04F79EFBC}") = "DWSIM.UI.Desktop.Shared", "DWSIM.UI.Desktop.Shared\DWSIM.UI.Desktop.Shared.csproj", "{2FFD2514-E4F9-4C19-B38E-B77560585D61}"
EndProject
Project("{FAE04EC0-301F-11D3-BF4B-00C04F79EFBC}") = "DWSIM.UI.Desktop.WinForms", "DWSIM.UI.Desktop.WinForms\DWSIM.UI.Desktop.WinForms.csproj", "{A4B56FF1-995E-4288-8801-7F086668C4A2}"
	ProjectSection(ProjectDependencies) = postProject
		{5BA7546B-010C-4197-975E-F462BBEA1EC4} = {5BA7546B-010C-4197-975E-F462BBEA1EC4}
	EndProjectSection
EndProject
Project("{2150E333-8FDC-42A3-9474-1A3956D46DE8}") = "App", "App", "{A8AF483A-90B4-437C-A8BA-DF597F01441E}"
	ProjectSection(SolutionItems) = preProject
		PlatformFiles\Common\readme.txt = PlatformFiles\Common\readme.txt
		PlatformFiles\Common\version.info = PlatformFiles\Common\version.info
		PlatformFiles\Common\whatsnew.txt = PlatformFiles\Common\whatsnew.txt
	EndProjectSection
EndProject
Project("{FAE04EC0-301F-11D3-BF4B-00C04F79EFBC}") = "DWSIM.DrawingTools.SkiaSharp.Extended", "DWSIM.DrawingTools.SkiaSharp.Extended\DWSIM.DrawingTools.SkiaSharp.Extended.csproj", "{A58EB237-F703-45CF-89F9-E8B91BFF76C1}"
EndProject
Project("{FAE04EC0-301F-11D3-BF4B-00C04F79EFBC}") = "DWSIM.ExtensionMethods.Eto", "DWSIM.ExtensionMethods.Eto\DWSIM.ExtensionMethods.Eto.csproj", "{5BA7546B-010C-4197-975E-F462BBEA1EC4}"
EndProject
Project("{FAE04EC0-301F-11D3-BF4B-00C04F79EFBC}") = "DWSIM.MathOps.SimpsonIntegrator", "DWSIM.MathOps.SimpsonIntegrator\DWSIM.MathOps.SimpsonIntegrator.csproj", "{86AF29BB-4CB1-4818-98A3-031D0711625D}"
EndProject
Project("{F184B08F-C81C-45F6-A57F-5ABD9991F28F}") = "DWSIM.DrawingTools.Point", "DWSIM.DrawingTools.Point\DWSIM.DrawingTools.Point.vbproj", "{0F6737EB-DB5A-4872-BEF8-5EF10B4F1C1C}"
EndProject
Project("{F184B08F-C81C-45F6-A57F-5ABD9991F28F}") = "DWSIM.Inspector", "DWSIM.Inspector\DWSIM.Inspector.vbproj", "{E4E37BFA-063F-4DBA-A1BF-294D392C2CA4}"
EndProject
Project("{F184B08F-C81C-45F6-A57F-5ABD9991F28F}") = "DWSIM.Thermodynamics.StandaloneLibrary", "DWSIM.Thermodynamics.StandaloneLibrary\DWSIM.Thermodynamics.StandaloneLibrary.vbproj", "{CE1B1451-22A9-4CF3-A0FF-821B9E629696}"
EndProject
Project("{F184B08F-C81C-45F6-A57F-5ABD9991F28F}") = "DWSIM.Thermodynamics.StandaloneLibrary.Tests", "DWSIM.Thermodynamics.StandaloneLibrary.Tests\DWSIM.Thermodynamics.StandaloneLibrary.Tests.vbproj", "{C0261CF7-B22C-4E27-9373-B0878F3FC298}"
	ProjectSection(ProjectDependencies) = postProject
		{CE1B1451-22A9-4CF3-A0FF-821B9E629696} = {CE1B1451-22A9-4CF3-A0FF-821B9E629696}
	EndProjectSection
EndProject
Project("{2150E333-8FDC-42A3-9474-1A3956D46DE8}") = "DTL", "DTL", "{40E0E548-532F-4C7F-B1E7-2CAED88D5552}"
	ProjectSection(SolutionItems) = preProject
		PlatformFiles\DTL\CHANGELOG.txt = PlatformFiles\DTL\CHANGELOG.txt
		PlatformFiles\DTL\README.txt = PlatformFiles\DTL\README.txt
	EndProjectSection
EndProject
Project("{FAE04EC0-301F-11D3-BF4B-00C04F79EFBC}") = "DWSIM.SkiaSharp.Views.Desktop", "DWSIM.SkiaSharp.Views.Desktop\DWSIM.SkiaSharp.Views.Desktop.csproj", "{F4E6F3E7-532C-4091-A82F-1DD7D191A13B}"
EndProject
Project("{FAE04EC0-301F-11D3-BF4B-00C04F79EFBC}") = "DWSIM.Automation.Tests.CSharp", "DWSIM.Automation.Tests.CSharp\DWSIM.Automation.Tests.CSharp.csproj", "{4FD11110-5C50-4069-B3DA-A5FE1D2417C5}"
EndProject
Global
	GlobalSection(SolutionConfigurationPlatforms) = preSolution
		Debug|wine32 = Debug|wine32
		Debug|x64 = Debug|x64
		Debug|x86 = Debug|x86
		Release Linux|wine32 = Release Linux|wine32
		Release Linux|x64 = Release Linux|x64
		Release Linux|x86 = Release Linux|x86
		Release WinMac|wine32 = Release WinMac|wine32
		Release WinMac|x64 = Release WinMac|x64
		Release WinMac|x86 = Release WinMac|x86
	EndGlobalSection
	GlobalSection(ProjectConfigurationPlatforms) = postSolution
		{34BE2D2D-9B3C-4C12-8C90-732E21CD7CB1}.Debug|wine32.ActiveCfg = Debug|x86
		{34BE2D2D-9B3C-4C12-8C90-732E21CD7CB1}.Debug|x64.ActiveCfg = Debug|x64
		{34BE2D2D-9B3C-4C12-8C90-732E21CD7CB1}.Debug|x64.Build.0 = Debug|x64
		{34BE2D2D-9B3C-4C12-8C90-732E21CD7CB1}.Debug|x86.ActiveCfg = Debug|x86
		{34BE2D2D-9B3C-4C12-8C90-732E21CD7CB1}.Release Linux|wine32.ActiveCfg = Release|x86
		{34BE2D2D-9B3C-4C12-8C90-732E21CD7CB1}.Release Linux|wine32.Build.0 = Release|x86
		{34BE2D2D-9B3C-4C12-8C90-732E21CD7CB1}.Release Linux|x64.ActiveCfg = Release Linux|x64
		{34BE2D2D-9B3C-4C12-8C90-732E21CD7CB1}.Release Linux|x64.Build.0 = Release Linux|x64
		{34BE2D2D-9B3C-4C12-8C90-732E21CD7CB1}.Release Linux|x86.ActiveCfg = Release|x86
		{34BE2D2D-9B3C-4C12-8C90-732E21CD7CB1}.Release Linux|x86.Build.0 = Release|x86
		{34BE2D2D-9B3C-4C12-8C90-732E21CD7CB1}.Release WinMac|wine32.ActiveCfg = wine32|x86
		{34BE2D2D-9B3C-4C12-8C90-732E21CD7CB1}.Release WinMac|wine32.Build.0 = wine32|x86
		{34BE2D2D-9B3C-4C12-8C90-732E21CD7CB1}.Release WinMac|x64.ActiveCfg = Release|x64
		{34BE2D2D-9B3C-4C12-8C90-732E21CD7CB1}.Release WinMac|x64.Build.0 = Release|x64
		{34BE2D2D-9B3C-4C12-8C90-732E21CD7CB1}.Release WinMac|x86.ActiveCfg = Release|x86
		{34BE2D2D-9B3C-4C12-8C90-732E21CD7CB1}.Release WinMac|x86.Build.0 = Release|x86
		{B8715C47-862B-46CF-8784-573B40407E4D}.Debug|wine32.ActiveCfg = Debug|Any CPU
		{B8715C47-862B-46CF-8784-573B40407E4D}.Debug|x64.ActiveCfg = Debug|x64
		{B8715C47-862B-46CF-8784-573B40407E4D}.Debug|x64.Build.0 = Debug|x64
		{B8715C47-862B-46CF-8784-573B40407E4D}.Debug|x86.ActiveCfg = Debug|Any CPU
		{B8715C47-862B-46CF-8784-573B40407E4D}.Release Linux|wine32.ActiveCfg = Release|Any CPU
		{B8715C47-862B-46CF-8784-573B40407E4D}.Release Linux|wine32.Build.0 = Release|Any CPU
		{B8715C47-862B-46CF-8784-573B40407E4D}.Release Linux|x64.ActiveCfg = Release|Any CPU
		{B8715C47-862B-46CF-8784-573B40407E4D}.Release Linux|x64.Build.0 = Release|Any CPU
		{B8715C47-862B-46CF-8784-573B40407E4D}.Release Linux|x86.ActiveCfg = Release|Any CPU
		{B8715C47-862B-46CF-8784-573B40407E4D}.Release Linux|x86.Build.0 = Release|Any CPU
		{B8715C47-862B-46CF-8784-573B40407E4D}.Release WinMac|wine32.ActiveCfg = Release|Any CPU
		{B8715C47-862B-46CF-8784-573B40407E4D}.Release WinMac|wine32.Build.0 = Release|Any CPU
		{B8715C47-862B-46CF-8784-573B40407E4D}.Release WinMac|x64.ActiveCfg = Release|x64
		{B8715C47-862B-46CF-8784-573B40407E4D}.Release WinMac|x64.Build.0 = Release|x64
		{B8715C47-862B-46CF-8784-573B40407E4D}.Release WinMac|x86.ActiveCfg = Release|Any CPU
		{B8715C47-862B-46CF-8784-573B40407E4D}.Release WinMac|x86.Build.0 = Release|Any CPU
		{6C232866-A87B-409A-8A02-39F2FF218561}.Debug|wine32.ActiveCfg = Debug|Any CPU
		{6C232866-A87B-409A-8A02-39F2FF218561}.Debug|wine32.Build.0 = Debug|Any CPU
		{6C232866-A87B-409A-8A02-39F2FF218561}.Debug|x64.ActiveCfg = Debug|Any CPU
		{6C232866-A87B-409A-8A02-39F2FF218561}.Debug|x64.Build.0 = Debug|Any CPU
		{6C232866-A87B-409A-8A02-39F2FF218561}.Debug|x86.ActiveCfg = Debug|Any CPU
		{6C232866-A87B-409A-8A02-39F2FF218561}.Debug|x86.Build.0 = Debug|Any CPU
		{6C232866-A87B-409A-8A02-39F2FF218561}.Release Linux|wine32.ActiveCfg = Release|Any CPU
		{6C232866-A87B-409A-8A02-39F2FF218561}.Release Linux|wine32.Build.0 = Release|Any CPU
		{6C232866-A87B-409A-8A02-39F2FF218561}.Release Linux|x64.ActiveCfg = Release|Any CPU
		{6C232866-A87B-409A-8A02-39F2FF218561}.Release Linux|x64.Build.0 = Release|Any CPU
		{6C232866-A87B-409A-8A02-39F2FF218561}.Release Linux|x86.ActiveCfg = Release|Any CPU
		{6C232866-A87B-409A-8A02-39F2FF218561}.Release Linux|x86.Build.0 = Release|Any CPU
		{6C232866-A87B-409A-8A02-39F2FF218561}.Release WinMac|wine32.ActiveCfg = Release|Any CPU
		{6C232866-A87B-409A-8A02-39F2FF218561}.Release WinMac|wine32.Build.0 = Release|Any CPU
		{6C232866-A87B-409A-8A02-39F2FF218561}.Release WinMac|x64.ActiveCfg = Release|Any CPU
		{6C232866-A87B-409A-8A02-39F2FF218561}.Release WinMac|x64.Build.0 = Release|Any CPU
		{6C232866-A87B-409A-8A02-39F2FF218561}.Release WinMac|x86.ActiveCfg = Release|Any CPU
		{6C232866-A87B-409A-8A02-39F2FF218561}.Release WinMac|x86.Build.0 = Release|Any CPU
		{A5F6E7CC-0710-4129-9FAA-9FBE9BC4FFCF}.Debug|wine32.ActiveCfg = Debug|Any CPU
		{A5F6E7CC-0710-4129-9FAA-9FBE9BC4FFCF}.Debug|x64.ActiveCfg = Debug|Any CPU
		{A5F6E7CC-0710-4129-9FAA-9FBE9BC4FFCF}.Debug|x64.Build.0 = Debug|Any CPU
		{A5F6E7CC-0710-4129-9FAA-9FBE9BC4FFCF}.Debug|x86.ActiveCfg = Debug|Any CPU
		{A5F6E7CC-0710-4129-9FAA-9FBE9BC4FFCF}.Release Linux|wine32.ActiveCfg = Release|Any CPU
		{A5F6E7CC-0710-4129-9FAA-9FBE9BC4FFCF}.Release Linux|wine32.Build.0 = Release|Any CPU
		{A5F6E7CC-0710-4129-9FAA-9FBE9BC4FFCF}.Release Linux|x64.ActiveCfg = Release|Any CPU
		{A5F6E7CC-0710-4129-9FAA-9FBE9BC4FFCF}.Release Linux|x64.Build.0 = Release|Any CPU
		{A5F6E7CC-0710-4129-9FAA-9FBE9BC4FFCF}.Release Linux|x86.ActiveCfg = Release|Any CPU
		{A5F6E7CC-0710-4129-9FAA-9FBE9BC4FFCF}.Release Linux|x86.Build.0 = Release|Any CPU
		{A5F6E7CC-0710-4129-9FAA-9FBE9BC4FFCF}.Release WinMac|wine32.ActiveCfg = Release|Any CPU
		{A5F6E7CC-0710-4129-9FAA-9FBE9BC4FFCF}.Release WinMac|wine32.Build.0 = Release|Any CPU
		{A5F6E7CC-0710-4129-9FAA-9FBE9BC4FFCF}.Release WinMac|x64.ActiveCfg = Release|Any CPU
		{A5F6E7CC-0710-4129-9FAA-9FBE9BC4FFCF}.Release WinMac|x64.Build.0 = Release|Any CPU
		{A5F6E7CC-0710-4129-9FAA-9FBE9BC4FFCF}.Release WinMac|x86.ActiveCfg = Release|Any CPU
		{A5F6E7CC-0710-4129-9FAA-9FBE9BC4FFCF}.Release WinMac|x86.Build.0 = Release|Any CPU
		{A7FB4DBF-4EBF-4004-9819-F26E791AAA60}.Debug|wine32.ActiveCfg = Debug|Any CPU
		{A7FB4DBF-4EBF-4004-9819-F26E791AAA60}.Debug|x64.ActiveCfg = Debug|x64
		{A7FB4DBF-4EBF-4004-9819-F26E791AAA60}.Debug|x64.Build.0 = Debug|x64
		{A7FB4DBF-4EBF-4004-9819-F26E791AAA60}.Debug|x86.ActiveCfg = Debug|Any CPU
		{A7FB4DBF-4EBF-4004-9819-F26E791AAA60}.Release Linux|wine32.ActiveCfg = Release|Any CPU
		{A7FB4DBF-4EBF-4004-9819-F26E791AAA60}.Release Linux|wine32.Build.0 = Release|Any CPU
		{A7FB4DBF-4EBF-4004-9819-F26E791AAA60}.Release Linux|x64.ActiveCfg = Release|Any CPU
		{A7FB4DBF-4EBF-4004-9819-F26E791AAA60}.Release Linux|x64.Build.0 = Release|Any CPU
		{A7FB4DBF-4EBF-4004-9819-F26E791AAA60}.Release Linux|x86.ActiveCfg = Release|Any CPU
		{A7FB4DBF-4EBF-4004-9819-F26E791AAA60}.Release Linux|x86.Build.0 = Release|Any CPU
		{A7FB4DBF-4EBF-4004-9819-F26E791AAA60}.Release WinMac|wine32.ActiveCfg = Release|Any CPU
		{A7FB4DBF-4EBF-4004-9819-F26E791AAA60}.Release WinMac|wine32.Build.0 = Release|Any CPU
		{A7FB4DBF-4EBF-4004-9819-F26E791AAA60}.Release WinMac|x64.ActiveCfg = Release|x64
		{A7FB4DBF-4EBF-4004-9819-F26E791AAA60}.Release WinMac|x64.Build.0 = Release|x64
		{A7FB4DBF-4EBF-4004-9819-F26E791AAA60}.Release WinMac|x86.ActiveCfg = Release|Any CPU
		{A7FB4DBF-4EBF-4004-9819-F26E791AAA60}.Release WinMac|x86.Build.0 = Release|Any CPU
		{DBB0E704-7E7B-4DDA-AAC2-A00F7168FDC3}.Debug|wine32.ActiveCfg = Debug|Any CPU
		{DBB0E704-7E7B-4DDA-AAC2-A00F7168FDC3}.Debug|x64.ActiveCfg = Debug|x64
		{DBB0E704-7E7B-4DDA-AAC2-A00F7168FDC3}.Debug|x64.Build.0 = Debug|x64
		{DBB0E704-7E7B-4DDA-AAC2-A00F7168FDC3}.Debug|x86.ActiveCfg = Debug|Any CPU
		{DBB0E704-7E7B-4DDA-AAC2-A00F7168FDC3}.Release Linux|wine32.ActiveCfg = Release|Any CPU
		{DBB0E704-7E7B-4DDA-AAC2-A00F7168FDC3}.Release Linux|wine32.Build.0 = Release|Any CPU
		{DBB0E704-7E7B-4DDA-AAC2-A00F7168FDC3}.Release Linux|x64.ActiveCfg = Release|Any CPU
		{DBB0E704-7E7B-4DDA-AAC2-A00F7168FDC3}.Release Linux|x64.Build.0 = Release|Any CPU
		{DBB0E704-7E7B-4DDA-AAC2-A00F7168FDC3}.Release Linux|x86.ActiveCfg = Release|Any CPU
		{DBB0E704-7E7B-4DDA-AAC2-A00F7168FDC3}.Release Linux|x86.Build.0 = Release|Any CPU
		{DBB0E704-7E7B-4DDA-AAC2-A00F7168FDC3}.Release WinMac|wine32.ActiveCfg = Release|Any CPU
		{DBB0E704-7E7B-4DDA-AAC2-A00F7168FDC3}.Release WinMac|wine32.Build.0 = Release|Any CPU
		{DBB0E704-7E7B-4DDA-AAC2-A00F7168FDC3}.Release WinMac|x64.ActiveCfg = Release|x64
		{DBB0E704-7E7B-4DDA-AAC2-A00F7168FDC3}.Release WinMac|x64.Build.0 = Release|x64
		{DBB0E704-7E7B-4DDA-AAC2-A00F7168FDC3}.Release WinMac|x86.ActiveCfg = Release|Any CPU
		{DBB0E704-7E7B-4DDA-AAC2-A00F7168FDC3}.Release WinMac|x86.Build.0 = Release|Any CPU
		{C75532C4-765B-418E-B09B-46D36B2ABDB1}.Debug|wine32.ActiveCfg = Debug|Any CPU
		{C75532C4-765B-418E-B09B-46D36B2ABDB1}.Debug|x64.ActiveCfg = Debug|Any CPU
		{C75532C4-765B-418E-B09B-46D36B2ABDB1}.Debug|x64.Build.0 = Debug|Any CPU
		{C75532C4-765B-418E-B09B-46D36B2ABDB1}.Debug|x86.ActiveCfg = Debug|Any CPU
		{C75532C4-765B-418E-B09B-46D36B2ABDB1}.Release Linux|wine32.ActiveCfg = Release|Any CPU
		{C75532C4-765B-418E-B09B-46D36B2ABDB1}.Release Linux|wine32.Build.0 = Release|Any CPU
		{C75532C4-765B-418E-B09B-46D36B2ABDB1}.Release Linux|x64.ActiveCfg = Release|Any CPU
		{C75532C4-765B-418E-B09B-46D36B2ABDB1}.Release Linux|x64.Build.0 = Release|Any CPU
		{C75532C4-765B-418E-B09B-46D36B2ABDB1}.Release Linux|x86.ActiveCfg = Release|Any CPU
		{C75532C4-765B-418E-B09B-46D36B2ABDB1}.Release Linux|x86.Build.0 = Release|Any CPU
		{C75532C4-765B-418E-B09B-46D36B2ABDB1}.Release WinMac|wine32.ActiveCfg = Release|Any CPU
		{C75532C4-765B-418E-B09B-46D36B2ABDB1}.Release WinMac|wine32.Build.0 = Release|Any CPU
		{C75532C4-765B-418E-B09B-46D36B2ABDB1}.Release WinMac|x64.ActiveCfg = Release|Any CPU
		{C75532C4-765B-418E-B09B-46D36B2ABDB1}.Release WinMac|x64.Build.0 = Release|Any CPU
		{C75532C4-765B-418E-B09B-46D36B2ABDB1}.Release WinMac|x86.ActiveCfg = Release|Any CPU
		{C75532C4-765B-418E-B09B-46D36B2ABDB1}.Release WinMac|x86.Build.0 = Release|Any CPU
		{4ED4FDB5-9FD0-49E6-876D-1635F727C755}.Debug|wine32.ActiveCfg = Debug|Any CPU
		{4ED4FDB5-9FD0-49E6-876D-1635F727C755}.Debug|x64.ActiveCfg = Debug|Any CPU
		{4ED4FDB5-9FD0-49E6-876D-1635F727C755}.Debug|x64.Build.0 = Debug|Any CPU
		{4ED4FDB5-9FD0-49E6-876D-1635F727C755}.Debug|x86.ActiveCfg = Debug|Any CPU
		{4ED4FDB5-9FD0-49E6-876D-1635F727C755}.Release Linux|wine32.ActiveCfg = Release|Any CPU
		{4ED4FDB5-9FD0-49E6-876D-1635F727C755}.Release Linux|wine32.Build.0 = Release|Any CPU
		{4ED4FDB5-9FD0-49E6-876D-1635F727C755}.Release Linux|x64.ActiveCfg = Release|Any CPU
		{4ED4FDB5-9FD0-49E6-876D-1635F727C755}.Release Linux|x64.Build.0 = Release|Any CPU
		{4ED4FDB5-9FD0-49E6-876D-1635F727C755}.Release Linux|x86.ActiveCfg = Release|Any CPU
		{4ED4FDB5-9FD0-49E6-876D-1635F727C755}.Release Linux|x86.Build.0 = Release|Any CPU
		{4ED4FDB5-9FD0-49E6-876D-1635F727C755}.Release WinMac|wine32.ActiveCfg = Release|Any CPU
		{4ED4FDB5-9FD0-49E6-876D-1635F727C755}.Release WinMac|wine32.Build.0 = Release|Any CPU
		{4ED4FDB5-9FD0-49E6-876D-1635F727C755}.Release WinMac|x64.ActiveCfg = Release|Any CPU
		{4ED4FDB5-9FD0-49E6-876D-1635F727C755}.Release WinMac|x64.Build.0 = Release|Any CPU
		{4ED4FDB5-9FD0-49E6-876D-1635F727C755}.Release WinMac|x86.ActiveCfg = Release|Any CPU
		{4ED4FDB5-9FD0-49E6-876D-1635F727C755}.Release WinMac|x86.Build.0 = Release|Any CPU
		{F929CA6A-87BD-42C8-8D0A-6455DB6F55DC}.Debug|wine32.ActiveCfg = Debug|Any CPU
		{F929CA6A-87BD-42C8-8D0A-6455DB6F55DC}.Debug|x64.ActiveCfg = Debug|Any CPU
		{F929CA6A-87BD-42C8-8D0A-6455DB6F55DC}.Debug|x64.Build.0 = Debug|Any CPU
		{F929CA6A-87BD-42C8-8D0A-6455DB6F55DC}.Debug|x86.ActiveCfg = Debug|Any CPU
		{F929CA6A-87BD-42C8-8D0A-6455DB6F55DC}.Release Linux|wine32.ActiveCfg = Release|Any CPU
		{F929CA6A-87BD-42C8-8D0A-6455DB6F55DC}.Release Linux|wine32.Build.0 = Release|Any CPU
		{F929CA6A-87BD-42C8-8D0A-6455DB6F55DC}.Release Linux|x64.ActiveCfg = Release|Any CPU
		{F929CA6A-87BD-42C8-8D0A-6455DB6F55DC}.Release Linux|x64.Build.0 = Release|Any CPU
		{F929CA6A-87BD-42C8-8D0A-6455DB6F55DC}.Release Linux|x86.ActiveCfg = Release|Any CPU
		{F929CA6A-87BD-42C8-8D0A-6455DB6F55DC}.Release Linux|x86.Build.0 = Release|Any CPU
		{F929CA6A-87BD-42C8-8D0A-6455DB6F55DC}.Release WinMac|wine32.ActiveCfg = Release|Any CPU
		{F929CA6A-87BD-42C8-8D0A-6455DB6F55DC}.Release WinMac|wine32.Build.0 = Release|Any CPU
		{F929CA6A-87BD-42C8-8D0A-6455DB6F55DC}.Release WinMac|x64.ActiveCfg = Release|Any CPU
		{F929CA6A-87BD-42C8-8D0A-6455DB6F55DC}.Release WinMac|x64.Build.0 = Release|Any CPU
		{F929CA6A-87BD-42C8-8D0A-6455DB6F55DC}.Release WinMac|x86.ActiveCfg = Release|Any CPU
		{F929CA6A-87BD-42C8-8D0A-6455DB6F55DC}.Release WinMac|x86.Build.0 = Release|Any CPU
		{50BFD69A-487E-4B38-86EA-48ACD85A0EB1}.Debug|wine32.ActiveCfg = Debug|Any CPU
		{50BFD69A-487E-4B38-86EA-48ACD85A0EB1}.Debug|wine32.Build.0 = Debug|Any CPU
		{50BFD69A-487E-4B38-86EA-48ACD85A0EB1}.Debug|x64.ActiveCfg = Debug|Any CPU
		{50BFD69A-487E-4B38-86EA-48ACD85A0EB1}.Debug|x64.Build.0 = Debug|Any CPU
		{50BFD69A-487E-4B38-86EA-48ACD85A0EB1}.Debug|x86.ActiveCfg = Debug|Any CPU
		{50BFD69A-487E-4B38-86EA-48ACD85A0EB1}.Debug|x86.Build.0 = Debug|Any CPU
		{50BFD69A-487E-4B38-86EA-48ACD85A0EB1}.Release Linux|wine32.ActiveCfg = Release|Any CPU
		{50BFD69A-487E-4B38-86EA-48ACD85A0EB1}.Release Linux|wine32.Build.0 = Release|Any CPU
		{50BFD69A-487E-4B38-86EA-48ACD85A0EB1}.Release Linux|x64.ActiveCfg = Release|Any CPU
		{50BFD69A-487E-4B38-86EA-48ACD85A0EB1}.Release Linux|x64.Build.0 = Release|Any CPU
		{50BFD69A-487E-4B38-86EA-48ACD85A0EB1}.Release Linux|x86.ActiveCfg = Release|Any CPU
		{50BFD69A-487E-4B38-86EA-48ACD85A0EB1}.Release Linux|x86.Build.0 = Release|Any CPU
		{50BFD69A-487E-4B38-86EA-48ACD85A0EB1}.Release WinMac|wine32.ActiveCfg = Release|Any CPU
		{50BFD69A-487E-4B38-86EA-48ACD85A0EB1}.Release WinMac|wine32.Build.0 = Release|Any CPU
		{50BFD69A-487E-4B38-86EA-48ACD85A0EB1}.Release WinMac|x64.ActiveCfg = Release|Any CPU
		{50BFD69A-487E-4B38-86EA-48ACD85A0EB1}.Release WinMac|x64.Build.0 = Release|Any CPU
		{50BFD69A-487E-4B38-86EA-48ACD85A0EB1}.Release WinMac|x86.ActiveCfg = Release|Any CPU
		{50BFD69A-487E-4B38-86EA-48ACD85A0EB1}.Release WinMac|x86.Build.0 = Release|Any CPU
		{369BC7AF-836B-4DE1-93E3-B051BC148B23}.Debug|wine32.ActiveCfg = Debug|Any CPU
		{369BC7AF-836B-4DE1-93E3-B051BC148B23}.Debug|wine32.Build.0 = Debug|Any CPU
		{369BC7AF-836B-4DE1-93E3-B051BC148B23}.Debug|x64.ActiveCfg = Debug|Any CPU
		{369BC7AF-836B-4DE1-93E3-B051BC148B23}.Debug|x64.Build.0 = Debug|Any CPU
		{369BC7AF-836B-4DE1-93E3-B051BC148B23}.Debug|x86.ActiveCfg = Debug|Any CPU
		{369BC7AF-836B-4DE1-93E3-B051BC148B23}.Debug|x86.Build.0 = Debug|Any CPU
		{369BC7AF-836B-4DE1-93E3-B051BC148B23}.Release Linux|wine32.ActiveCfg = Release|Any CPU
		{369BC7AF-836B-4DE1-93E3-B051BC148B23}.Release Linux|wine32.Build.0 = Release|Any CPU
		{369BC7AF-836B-4DE1-93E3-B051BC148B23}.Release Linux|x64.ActiveCfg = Release|Any CPU
		{369BC7AF-836B-4DE1-93E3-B051BC148B23}.Release Linux|x64.Build.0 = Release|Any CPU
		{369BC7AF-836B-4DE1-93E3-B051BC148B23}.Release Linux|x86.ActiveCfg = Release|Any CPU
		{369BC7AF-836B-4DE1-93E3-B051BC148B23}.Release Linux|x86.Build.0 = Release|Any CPU
		{369BC7AF-836B-4DE1-93E3-B051BC148B23}.Release WinMac|wine32.ActiveCfg = Release|Any CPU
		{369BC7AF-836B-4DE1-93E3-B051BC148B23}.Release WinMac|wine32.Build.0 = Release|Any CPU
		{369BC7AF-836B-4DE1-93E3-B051BC148B23}.Release WinMac|x64.ActiveCfg = Release|Any CPU
		{369BC7AF-836B-4DE1-93E3-B051BC148B23}.Release WinMac|x64.Build.0 = Release|Any CPU
		{369BC7AF-836B-4DE1-93E3-B051BC148B23}.Release WinMac|x86.ActiveCfg = Release|Any CPU
		{369BC7AF-836B-4DE1-93E3-B051BC148B23}.Release WinMac|x86.Build.0 = Release|Any CPU
		{30E167D2-5B5A-453A-A92C-18FF3BBB6691}.Debug|wine32.ActiveCfg = Debug|Any CPU
		{30E167D2-5B5A-453A-A92C-18FF3BBB6691}.Debug|wine32.Build.0 = Debug|Any CPU
		{30E167D2-5B5A-453A-A92C-18FF3BBB6691}.Debug|x64.ActiveCfg = Debug|Any CPU
		{30E167D2-5B5A-453A-A92C-18FF3BBB6691}.Debug|x64.Build.0 = Debug|Any CPU
		{30E167D2-5B5A-453A-A92C-18FF3BBB6691}.Debug|x86.ActiveCfg = Debug|Any CPU
		{30E167D2-5B5A-453A-A92C-18FF3BBB6691}.Debug|x86.Build.0 = Debug|Any CPU
		{30E167D2-5B5A-453A-A92C-18FF3BBB6691}.Release Linux|wine32.ActiveCfg = Release|Any CPU
		{30E167D2-5B5A-453A-A92C-18FF3BBB6691}.Release Linux|wine32.Build.0 = Release|Any CPU
		{30E167D2-5B5A-453A-A92C-18FF3BBB6691}.Release Linux|x64.ActiveCfg = Release|Any CPU
		{30E167D2-5B5A-453A-A92C-18FF3BBB6691}.Release Linux|x64.Build.0 = Release|Any CPU
		{30E167D2-5B5A-453A-A92C-18FF3BBB6691}.Release Linux|x86.ActiveCfg = Release|Any CPU
		{30E167D2-5B5A-453A-A92C-18FF3BBB6691}.Release Linux|x86.Build.0 = Release|Any CPU
		{30E167D2-5B5A-453A-A92C-18FF3BBB6691}.Release WinMac|wine32.ActiveCfg = Release|Any CPU
		{30E167D2-5B5A-453A-A92C-18FF3BBB6691}.Release WinMac|wine32.Build.0 = Release|Any CPU
		{30E167D2-5B5A-453A-A92C-18FF3BBB6691}.Release WinMac|x64.ActiveCfg = Release|Any CPU
		{30E167D2-5B5A-453A-A92C-18FF3BBB6691}.Release WinMac|x64.Build.0 = Release|Any CPU
		{30E167D2-5B5A-453A-A92C-18FF3BBB6691}.Release WinMac|x86.ActiveCfg = Release|Any CPU
		{30E167D2-5B5A-453A-A92C-18FF3BBB6691}.Release WinMac|x86.Build.0 = Release|Any CPU
		{9D7733E4-9B6F-437F-AAEC-CA3106ACA688}.Debug|wine32.ActiveCfg = Debug|Any CPU
		{9D7733E4-9B6F-437F-AAEC-CA3106ACA688}.Debug|wine32.Build.0 = Debug|Any CPU
		{9D7733E4-9B6F-437F-AAEC-CA3106ACA688}.Debug|x64.ActiveCfg = Debug|Any CPU
		{9D7733E4-9B6F-437F-AAEC-CA3106ACA688}.Debug|x64.Build.0 = Debug|Any CPU
		{9D7733E4-9B6F-437F-AAEC-CA3106ACA688}.Debug|x86.ActiveCfg = Debug|Any CPU
		{9D7733E4-9B6F-437F-AAEC-CA3106ACA688}.Debug|x86.Build.0 = Debug|Any CPU
		{9D7733E4-9B6F-437F-AAEC-CA3106ACA688}.Release Linux|wine32.ActiveCfg = Release|Any CPU
		{9D7733E4-9B6F-437F-AAEC-CA3106ACA688}.Release Linux|wine32.Build.0 = Release|Any CPU
		{9D7733E4-9B6F-437F-AAEC-CA3106ACA688}.Release Linux|x64.ActiveCfg = Release|Any CPU
		{9D7733E4-9B6F-437F-AAEC-CA3106ACA688}.Release Linux|x64.Build.0 = Release|Any CPU
		{9D7733E4-9B6F-437F-AAEC-CA3106ACA688}.Release Linux|x86.ActiveCfg = Release|Any CPU
		{9D7733E4-9B6F-437F-AAEC-CA3106ACA688}.Release Linux|x86.Build.0 = Release|Any CPU
		{9D7733E4-9B6F-437F-AAEC-CA3106ACA688}.Release WinMac|wine32.ActiveCfg = Release|Any CPU
		{9D7733E4-9B6F-437F-AAEC-CA3106ACA688}.Release WinMac|wine32.Build.0 = Release|Any CPU
		{9D7733E4-9B6F-437F-AAEC-CA3106ACA688}.Release WinMac|x64.ActiveCfg = Release|Any CPU
		{9D7733E4-9B6F-437F-AAEC-CA3106ACA688}.Release WinMac|x64.Build.0 = Release|Any CPU
		{9D7733E4-9B6F-437F-AAEC-CA3106ACA688}.Release WinMac|x86.ActiveCfg = Release|Any CPU
		{9D7733E4-9B6F-437F-AAEC-CA3106ACA688}.Release WinMac|x86.Build.0 = Release|Any CPU
		{1D223714-D3C8-463A-B4DC-FEFA1323EC87}.Debug|wine32.ActiveCfg = Debug|Any CPU
		{1D223714-D3C8-463A-B4DC-FEFA1323EC87}.Debug|wine32.Build.0 = Debug|Any CPU
		{1D223714-D3C8-463A-B4DC-FEFA1323EC87}.Debug|x64.ActiveCfg = Debug|Any CPU
		{1D223714-D3C8-463A-B4DC-FEFA1323EC87}.Debug|x64.Build.0 = Debug|Any CPU
		{1D223714-D3C8-463A-B4DC-FEFA1323EC87}.Debug|x86.ActiveCfg = Debug|Any CPU
		{1D223714-D3C8-463A-B4DC-FEFA1323EC87}.Debug|x86.Build.0 = Debug|Any CPU
		{1D223714-D3C8-463A-B4DC-FEFA1323EC87}.Release Linux|wine32.ActiveCfg = Release|Any CPU
		{1D223714-D3C8-463A-B4DC-FEFA1323EC87}.Release Linux|wine32.Build.0 = Release|Any CPU
		{1D223714-D3C8-463A-B4DC-FEFA1323EC87}.Release Linux|x64.ActiveCfg = Release|Any CPU
		{1D223714-D3C8-463A-B4DC-FEFA1323EC87}.Release Linux|x64.Build.0 = Release|Any CPU
		{1D223714-D3C8-463A-B4DC-FEFA1323EC87}.Release Linux|x86.ActiveCfg = Release|Any CPU
		{1D223714-D3C8-463A-B4DC-FEFA1323EC87}.Release Linux|x86.Build.0 = Release|Any CPU
		{1D223714-D3C8-463A-B4DC-FEFA1323EC87}.Release WinMac|wine32.ActiveCfg = Release|Any CPU
		{1D223714-D3C8-463A-B4DC-FEFA1323EC87}.Release WinMac|wine32.Build.0 = Release|Any CPU
		{1D223714-D3C8-463A-B4DC-FEFA1323EC87}.Release WinMac|x64.ActiveCfg = Release|Any CPU
		{1D223714-D3C8-463A-B4DC-FEFA1323EC87}.Release WinMac|x64.Build.0 = Release|Any CPU
		{1D223714-D3C8-463A-B4DC-FEFA1323EC87}.Release WinMac|x86.ActiveCfg = Release|Any CPU
		{1D223714-D3C8-463A-B4DC-FEFA1323EC87}.Release WinMac|x86.Build.0 = Release|Any CPU
		{725C8134-9FE3-43AA-9B33-D9046657FB2A}.Debug|wine32.ActiveCfg = Debug|Any CPU
		{725C8134-9FE3-43AA-9B33-D9046657FB2A}.Debug|wine32.Build.0 = Debug|Any CPU
		{725C8134-9FE3-43AA-9B33-D9046657FB2A}.Debug|x64.ActiveCfg = Debug|Any CPU
		{725C8134-9FE3-43AA-9B33-D9046657FB2A}.Debug|x64.Build.0 = Debug|Any CPU
		{725C8134-9FE3-43AA-9B33-D9046657FB2A}.Debug|x86.ActiveCfg = Debug|Any CPU
		{725C8134-9FE3-43AA-9B33-D9046657FB2A}.Debug|x86.Build.0 = Debug|Any CPU
		{725C8134-9FE3-43AA-9B33-D9046657FB2A}.Release Linux|wine32.ActiveCfg = Release|Any CPU
		{725C8134-9FE3-43AA-9B33-D9046657FB2A}.Release Linux|wine32.Build.0 = Release|Any CPU
		{725C8134-9FE3-43AA-9B33-D9046657FB2A}.Release Linux|x64.ActiveCfg = Release|Any CPU
		{725C8134-9FE3-43AA-9B33-D9046657FB2A}.Release Linux|x64.Build.0 = Release|Any CPU
		{725C8134-9FE3-43AA-9B33-D9046657FB2A}.Release Linux|x86.ActiveCfg = Release|Any CPU
		{725C8134-9FE3-43AA-9B33-D9046657FB2A}.Release Linux|x86.Build.0 = Release|Any CPU
		{725C8134-9FE3-43AA-9B33-D9046657FB2A}.Release WinMac|wine32.ActiveCfg = Release|Any CPU
		{725C8134-9FE3-43AA-9B33-D9046657FB2A}.Release WinMac|wine32.Build.0 = Release|Any CPU
		{725C8134-9FE3-43AA-9B33-D9046657FB2A}.Release WinMac|x64.ActiveCfg = Release|Any CPU
		{725C8134-9FE3-43AA-9B33-D9046657FB2A}.Release WinMac|x64.Build.0 = Release|Any CPU
		{725C8134-9FE3-43AA-9B33-D9046657FB2A}.Release WinMac|x86.ActiveCfg = Release|Any CPU
		{725C8134-9FE3-43AA-9B33-D9046657FB2A}.Release WinMac|x86.Build.0 = Release|Any CPU
		{FDFB92DE-D189-49DC-91CC-60EE78D1356C}.Debug|wine32.ActiveCfg = Debug|Any CPU
		{FDFB92DE-D189-49DC-91CC-60EE78D1356C}.Debug|wine32.Build.0 = Debug|Any CPU
		{FDFB92DE-D189-49DC-91CC-60EE78D1356C}.Debug|x64.ActiveCfg = Debug|Any CPU
		{FDFB92DE-D189-49DC-91CC-60EE78D1356C}.Debug|x64.Build.0 = Debug|Any CPU
		{FDFB92DE-D189-49DC-91CC-60EE78D1356C}.Debug|x86.ActiveCfg = Debug|Any CPU
		{FDFB92DE-D189-49DC-91CC-60EE78D1356C}.Debug|x86.Build.0 = Debug|Any CPU
		{FDFB92DE-D189-49DC-91CC-60EE78D1356C}.Release Linux|wine32.ActiveCfg = Release|Any CPU
		{FDFB92DE-D189-49DC-91CC-60EE78D1356C}.Release Linux|wine32.Build.0 = Release|Any CPU
		{FDFB92DE-D189-49DC-91CC-60EE78D1356C}.Release Linux|x64.ActiveCfg = Release|Any CPU
		{FDFB92DE-D189-49DC-91CC-60EE78D1356C}.Release Linux|x64.Build.0 = Release|Any CPU
		{FDFB92DE-D189-49DC-91CC-60EE78D1356C}.Release Linux|x86.ActiveCfg = Release|Any CPU
		{FDFB92DE-D189-49DC-91CC-60EE78D1356C}.Release Linux|x86.Build.0 = Release|Any CPU
		{FDFB92DE-D189-49DC-91CC-60EE78D1356C}.Release WinMac|wine32.ActiveCfg = Release|Any CPU
		{FDFB92DE-D189-49DC-91CC-60EE78D1356C}.Release WinMac|wine32.Build.0 = Release|Any CPU
		{FDFB92DE-D189-49DC-91CC-60EE78D1356C}.Release WinMac|x64.ActiveCfg = Release|Any CPU
		{FDFB92DE-D189-49DC-91CC-60EE78D1356C}.Release WinMac|x64.Build.0 = Release|Any CPU
		{FDFB92DE-D189-49DC-91CC-60EE78D1356C}.Release WinMac|x86.ActiveCfg = Release|Any CPU
		{FDFB92DE-D189-49DC-91CC-60EE78D1356C}.Release WinMac|x86.Build.0 = Release|Any CPU
		{8F45EFAA-9EAC-403F-B2B0-123F0321056E}.Debug|wine32.ActiveCfg = Debug|Any CPU
		{8F45EFAA-9EAC-403F-B2B0-123F0321056E}.Debug|wine32.Build.0 = Debug|Any CPU
		{8F45EFAA-9EAC-403F-B2B0-123F0321056E}.Debug|x64.ActiveCfg = Debug|Any CPU
		{8F45EFAA-9EAC-403F-B2B0-123F0321056E}.Debug|x64.Build.0 = Debug|Any CPU
		{8F45EFAA-9EAC-403F-B2B0-123F0321056E}.Debug|x86.ActiveCfg = Debug|Any CPU
		{8F45EFAA-9EAC-403F-B2B0-123F0321056E}.Debug|x86.Build.0 = Debug|Any CPU
		{8F45EFAA-9EAC-403F-B2B0-123F0321056E}.Release Linux|wine32.ActiveCfg = Release|Any CPU
		{8F45EFAA-9EAC-403F-B2B0-123F0321056E}.Release Linux|wine32.Build.0 = Release|Any CPU
		{8F45EFAA-9EAC-403F-B2B0-123F0321056E}.Release Linux|x64.ActiveCfg = Release|Any CPU
		{8F45EFAA-9EAC-403F-B2B0-123F0321056E}.Release Linux|x64.Build.0 = Release|Any CPU
		{8F45EFAA-9EAC-403F-B2B0-123F0321056E}.Release Linux|x86.ActiveCfg = Release|Any CPU
		{8F45EFAA-9EAC-403F-B2B0-123F0321056E}.Release Linux|x86.Build.0 = Release|Any CPU
		{8F45EFAA-9EAC-403F-B2B0-123F0321056E}.Release WinMac|wine32.ActiveCfg = Release|Any CPU
		{8F45EFAA-9EAC-403F-B2B0-123F0321056E}.Release WinMac|wine32.Build.0 = Release|Any CPU
		{8F45EFAA-9EAC-403F-B2B0-123F0321056E}.Release WinMac|x64.ActiveCfg = Release|Any CPU
		{8F45EFAA-9EAC-403F-B2B0-123F0321056E}.Release WinMac|x64.Build.0 = Release|Any CPU
		{8F45EFAA-9EAC-403F-B2B0-123F0321056E}.Release WinMac|x86.ActiveCfg = Release|Any CPU
		{8F45EFAA-9EAC-403F-B2B0-123F0321056E}.Release WinMac|x86.Build.0 = Release|Any CPU
		{F5DFAFED-C786-4DC3-9818-16C992DE3990}.Debug|wine32.ActiveCfg = Debug|Any CPU
		{F5DFAFED-C786-4DC3-9818-16C992DE3990}.Debug|wine32.Build.0 = Debug|Any CPU
		{F5DFAFED-C786-4DC3-9818-16C992DE3990}.Debug|x64.ActiveCfg = Debug|Any CPU
		{F5DFAFED-C786-4DC3-9818-16C992DE3990}.Debug|x64.Build.0 = Debug|Any CPU
		{F5DFAFED-C786-4DC3-9818-16C992DE3990}.Debug|x86.ActiveCfg = Debug|Any CPU
		{F5DFAFED-C786-4DC3-9818-16C992DE3990}.Debug|x86.Build.0 = Debug|Any CPU
		{F5DFAFED-C786-4DC3-9818-16C992DE3990}.Release Linux|wine32.ActiveCfg = Release|Any CPU
		{F5DFAFED-C786-4DC3-9818-16C992DE3990}.Release Linux|wine32.Build.0 = Release|Any CPU
		{F5DFAFED-C786-4DC3-9818-16C992DE3990}.Release Linux|x64.ActiveCfg = Release|Any CPU
		{F5DFAFED-C786-4DC3-9818-16C992DE3990}.Release Linux|x64.Build.0 = Release|Any CPU
		{F5DFAFED-C786-4DC3-9818-16C992DE3990}.Release Linux|x86.ActiveCfg = Release|Any CPU
		{F5DFAFED-C786-4DC3-9818-16C992DE3990}.Release Linux|x86.Build.0 = Release|Any CPU
		{F5DFAFED-C786-4DC3-9818-16C992DE3990}.Release WinMac|wine32.ActiveCfg = Release|Any CPU
		{F5DFAFED-C786-4DC3-9818-16C992DE3990}.Release WinMac|wine32.Build.0 = Release|Any CPU
		{F5DFAFED-C786-4DC3-9818-16C992DE3990}.Release WinMac|x64.ActiveCfg = Release|Any CPU
		{F5DFAFED-C786-4DC3-9818-16C992DE3990}.Release WinMac|x64.Build.0 = Release|Any CPU
		{F5DFAFED-C786-4DC3-9818-16C992DE3990}.Release WinMac|x86.ActiveCfg = Release|Any CPU
		{F5DFAFED-C786-4DC3-9818-16C992DE3990}.Release WinMac|x86.Build.0 = Release|Any CPU
		{B0BB47F2-21C4-41FC-B6E6-40757ADFC4A1}.Debug|wine32.ActiveCfg = Debug|x86
		{B0BB47F2-21C4-41FC-B6E6-40757ADFC4A1}.Debug|x64.ActiveCfg = Debug|Any CPU
		{B0BB47F2-21C4-41FC-B6E6-40757ADFC4A1}.Debug|x64.Build.0 = Debug|Any CPU
		{B0BB47F2-21C4-41FC-B6E6-40757ADFC4A1}.Debug|x86.ActiveCfg = Debug|x86
		{B0BB47F2-21C4-41FC-B6E6-40757ADFC4A1}.Release Linux|wine32.ActiveCfg = Release|Any CPU
		{B0BB47F2-21C4-41FC-B6E6-40757ADFC4A1}.Release Linux|wine32.Build.0 = Release|Any CPU
		{B0BB47F2-21C4-41FC-B6E6-40757ADFC4A1}.Release Linux|x64.ActiveCfg = Release|Any CPU
		{B0BB47F2-21C4-41FC-B6E6-40757ADFC4A1}.Release Linux|x64.Build.0 = Release|Any CPU
		{B0BB47F2-21C4-41FC-B6E6-40757ADFC4A1}.Release Linux|x86.ActiveCfg = Release|Any CPU
		{B0BB47F2-21C4-41FC-B6E6-40757ADFC4A1}.Release Linux|x86.Build.0 = Release|Any CPU
		{B0BB47F2-21C4-41FC-B6E6-40757ADFC4A1}.Release WinMac|wine32.ActiveCfg = Release|Any CPU
		{B0BB47F2-21C4-41FC-B6E6-40757ADFC4A1}.Release WinMac|wine32.Build.0 = Release|Any CPU
		{B0BB47F2-21C4-41FC-B6E6-40757ADFC4A1}.Release WinMac|x64.ActiveCfg = Release|Any CPU
		{B0BB47F2-21C4-41FC-B6E6-40757ADFC4A1}.Release WinMac|x64.Build.0 = Release|Any CPU
		{B0BB47F2-21C4-41FC-B6E6-40757ADFC4A1}.Release WinMac|x86.ActiveCfg = Release|Any CPU
		{B0BB47F2-21C4-41FC-B6E6-40757ADFC4A1}.Release WinMac|x86.Build.0 = Release|Any CPU
		{1E12C010-2661-4896-9C00-90F8B41ED10A}.Debug|wine32.ActiveCfg = Debug|Any CPU
		{1E12C010-2661-4896-9C00-90F8B41ED10A}.Debug|wine32.Build.0 = Debug|Any CPU
		{1E12C010-2661-4896-9C00-90F8B41ED10A}.Debug|x64.ActiveCfg = Debug|Any CPU
		{1E12C010-2661-4896-9C00-90F8B41ED10A}.Debug|x64.Build.0 = Debug|Any CPU
		{1E12C010-2661-4896-9C00-90F8B41ED10A}.Debug|x86.ActiveCfg = Debug|Any CPU
		{1E12C010-2661-4896-9C00-90F8B41ED10A}.Debug|x86.Build.0 = Debug|Any CPU
		{1E12C010-2661-4896-9C00-90F8B41ED10A}.Release Linux|wine32.ActiveCfg = Release|Any CPU
		{1E12C010-2661-4896-9C00-90F8B41ED10A}.Release Linux|wine32.Build.0 = Release|Any CPU
		{1E12C010-2661-4896-9C00-90F8B41ED10A}.Release Linux|x64.ActiveCfg = Release|Any CPU
		{1E12C010-2661-4896-9C00-90F8B41ED10A}.Release Linux|x64.Build.0 = Release|Any CPU
		{1E12C010-2661-4896-9C00-90F8B41ED10A}.Release Linux|x86.ActiveCfg = Release|Any CPU
		{1E12C010-2661-4896-9C00-90F8B41ED10A}.Release Linux|x86.Build.0 = Release|Any CPU
		{1E12C010-2661-4896-9C00-90F8B41ED10A}.Release WinMac|wine32.ActiveCfg = wine32|Any CPU
		{1E12C010-2661-4896-9C00-90F8B41ED10A}.Release WinMac|wine32.Build.0 = wine32|Any CPU
		{1E12C010-2661-4896-9C00-90F8B41ED10A}.Release WinMac|x64.ActiveCfg = Release|Any CPU
		{1E12C010-2661-4896-9C00-90F8B41ED10A}.Release WinMac|x64.Build.0 = Release|Any CPU
		{1E12C010-2661-4896-9C00-90F8B41ED10A}.Release WinMac|x86.ActiveCfg = Release|Any CPU
		{1E12C010-2661-4896-9C00-90F8B41ED10A}.Release WinMac|x86.Build.0 = Release|Any CPU
		{48185EF1-B73B-457B-AA37-0BCE567C5AB1}.Debug|wine32.ActiveCfg = Debug|Any CPU
		{48185EF1-B73B-457B-AA37-0BCE567C5AB1}.Debug|wine32.Build.0 = Debug|Any CPU
		{48185EF1-B73B-457B-AA37-0BCE567C5AB1}.Debug|x64.ActiveCfg = Debug|Any CPU
		{48185EF1-B73B-457B-AA37-0BCE567C5AB1}.Debug|x64.Build.0 = Debug|Any CPU
		{48185EF1-B73B-457B-AA37-0BCE567C5AB1}.Debug|x86.ActiveCfg = Debug|Any CPU
		{48185EF1-B73B-457B-AA37-0BCE567C5AB1}.Debug|x86.Build.0 = Debug|Any CPU
		{48185EF1-B73B-457B-AA37-0BCE567C5AB1}.Release Linux|wine32.ActiveCfg = Release|Any CPU
		{48185EF1-B73B-457B-AA37-0BCE567C5AB1}.Release Linux|wine32.Build.0 = Release|Any CPU
		{48185EF1-B73B-457B-AA37-0BCE567C5AB1}.Release Linux|x64.ActiveCfg = Release|Any CPU
		{48185EF1-B73B-457B-AA37-0BCE567C5AB1}.Release Linux|x64.Build.0 = Release|Any CPU
		{48185EF1-B73B-457B-AA37-0BCE567C5AB1}.Release Linux|x86.ActiveCfg = Release|Any CPU
		{48185EF1-B73B-457B-AA37-0BCE567C5AB1}.Release Linux|x86.Build.0 = Release|Any CPU
		{48185EF1-B73B-457B-AA37-0BCE567C5AB1}.Release WinMac|wine32.ActiveCfg = Release|Any CPU
		{48185EF1-B73B-457B-AA37-0BCE567C5AB1}.Release WinMac|wine32.Build.0 = Release|Any CPU
		{48185EF1-B73B-457B-AA37-0BCE567C5AB1}.Release WinMac|x64.ActiveCfg = Release|Any CPU
		{48185EF1-B73B-457B-AA37-0BCE567C5AB1}.Release WinMac|x64.Build.0 = Release|Any CPU
		{48185EF1-B73B-457B-AA37-0BCE567C5AB1}.Release WinMac|x86.ActiveCfg = Release|Any CPU
		{48185EF1-B73B-457B-AA37-0BCE567C5AB1}.Release WinMac|x86.Build.0 = Release|Any CPU
		{2541686B-1673-43BF-AF89-3163945DB009}.Debug|wine32.ActiveCfg = Debug|Any CPU
		{2541686B-1673-43BF-AF89-3163945DB009}.Debug|x64.ActiveCfg = Debug|Any CPU
		{2541686B-1673-43BF-AF89-3163945DB009}.Debug|x64.Build.0 = Debug|Any CPU
		{2541686B-1673-43BF-AF89-3163945DB009}.Debug|x86.ActiveCfg = Debug|Any CPU
		{2541686B-1673-43BF-AF89-3163945DB009}.Release Linux|wine32.ActiveCfg = Release|Any CPU
		{2541686B-1673-43BF-AF89-3163945DB009}.Release Linux|wine32.Build.0 = Release|Any CPU
		{2541686B-1673-43BF-AF89-3163945DB009}.Release Linux|x64.ActiveCfg = Release|Any CPU
		{2541686B-1673-43BF-AF89-3163945DB009}.Release Linux|x64.Build.0 = Release|Any CPU
		{2541686B-1673-43BF-AF89-3163945DB009}.Release Linux|x86.ActiveCfg = Release|Any CPU
		{2541686B-1673-43BF-AF89-3163945DB009}.Release Linux|x86.Build.0 = Release|Any CPU
		{2541686B-1673-43BF-AF89-3163945DB009}.Release WinMac|wine32.ActiveCfg = Release|Any CPU
		{2541686B-1673-43BF-AF89-3163945DB009}.Release WinMac|wine32.Build.0 = Release|Any CPU
		{2541686B-1673-43BF-AF89-3163945DB009}.Release WinMac|x64.ActiveCfg = Release|Any CPU
		{2541686B-1673-43BF-AF89-3163945DB009}.Release WinMac|x64.Build.0 = Release|Any CPU
		{2541686B-1673-43BF-AF89-3163945DB009}.Release WinMac|x86.ActiveCfg = Release|Any CPU
		{2541686B-1673-43BF-AF89-3163945DB009}.Release WinMac|x86.Build.0 = Release|Any CPU
		{77040ECC-07B9-4B21-8B1F-7E45764E35F0}.Debug|wine32.ActiveCfg = Debug|x86
		{77040ECC-07B9-4B21-8B1F-7E45764E35F0}.Debug|wine32.Build.0 = Debug|x86
		{77040ECC-07B9-4B21-8B1F-7E45764E35F0}.Debug|x64.ActiveCfg = Debug|Any CPU
		{77040ECC-07B9-4B21-8B1F-7E45764E35F0}.Debug|x64.Build.0 = Debug|Any CPU
		{77040ECC-07B9-4B21-8B1F-7E45764E35F0}.Debug|x86.ActiveCfg = Debug|x86
		{77040ECC-07B9-4B21-8B1F-7E45764E35F0}.Debug|x86.Build.0 = Debug|x86
		{77040ECC-07B9-4B21-8B1F-7E45764E35F0}.Release Linux|wine32.ActiveCfg = Release|Any CPU
		{77040ECC-07B9-4B21-8B1F-7E45764E35F0}.Release Linux|wine32.Build.0 = Release|Any CPU
		{77040ECC-07B9-4B21-8B1F-7E45764E35F0}.Release Linux|x64.ActiveCfg = Release|Any CPU
		{77040ECC-07B9-4B21-8B1F-7E45764E35F0}.Release Linux|x64.Build.0 = Release|Any CPU
		{77040ECC-07B9-4B21-8B1F-7E45764E35F0}.Release Linux|x86.ActiveCfg = Release|Any CPU
		{77040ECC-07B9-4B21-8B1F-7E45764E35F0}.Release Linux|x86.Build.0 = Release|Any CPU
		{77040ECC-07B9-4B21-8B1F-7E45764E35F0}.Release WinMac|wine32.ActiveCfg = Release|Any CPU
		{77040ECC-07B9-4B21-8B1F-7E45764E35F0}.Release WinMac|wine32.Build.0 = Release|Any CPU
		{77040ECC-07B9-4B21-8B1F-7E45764E35F0}.Release WinMac|x64.ActiveCfg = Release|Any CPU
		{77040ECC-07B9-4B21-8B1F-7E45764E35F0}.Release WinMac|x64.Build.0 = Release|Any CPU
		{77040ECC-07B9-4B21-8B1F-7E45764E35F0}.Release WinMac|x86.ActiveCfg = Release|Any CPU
		{77040ECC-07B9-4B21-8B1F-7E45764E35F0}.Release WinMac|x86.Build.0 = Release|Any CPU
		{4BB36089-89F6-4BBF-A39C-1D0A3F232F07}.Debug|wine32.ActiveCfg = Debug|Any CPU
		{4BB36089-89F6-4BBF-A39C-1D0A3F232F07}.Debug|x64.ActiveCfg = Debug|x64
		{4BB36089-89F6-4BBF-A39C-1D0A3F232F07}.Debug|x64.Build.0 = Debug|x64
		{4BB36089-89F6-4BBF-A39C-1D0A3F232F07}.Debug|x86.ActiveCfg = Debug|Any CPU
		{4BB36089-89F6-4BBF-A39C-1D0A3F232F07}.Release Linux|wine32.ActiveCfg = Release|Any CPU
		{4BB36089-89F6-4BBF-A39C-1D0A3F232F07}.Release Linux|wine32.Build.0 = Release|Any CPU
		{4BB36089-89F6-4BBF-A39C-1D0A3F232F07}.Release Linux|x64.ActiveCfg = Release|Any CPU
		{4BB36089-89F6-4BBF-A39C-1D0A3F232F07}.Release Linux|x64.Build.0 = Release|Any CPU
		{4BB36089-89F6-4BBF-A39C-1D0A3F232F07}.Release Linux|x86.ActiveCfg = Release|Any CPU
		{4BB36089-89F6-4BBF-A39C-1D0A3F232F07}.Release Linux|x86.Build.0 = Release|Any CPU
		{4BB36089-89F6-4BBF-A39C-1D0A3F232F07}.Release WinMac|wine32.ActiveCfg = Release|Any CPU
		{4BB36089-89F6-4BBF-A39C-1D0A3F232F07}.Release WinMac|wine32.Build.0 = Release|Any CPU
		{4BB36089-89F6-4BBF-A39C-1D0A3F232F07}.Release WinMac|x64.ActiveCfg = Release|x64
		{4BB36089-89F6-4BBF-A39C-1D0A3F232F07}.Release WinMac|x64.Build.0 = Release|x64
		{4BB36089-89F6-4BBF-A39C-1D0A3F232F07}.Release WinMac|x86.ActiveCfg = Release|Any CPU
		{4BB36089-89F6-4BBF-A39C-1D0A3F232F07}.Release WinMac|x86.Build.0 = Release|Any CPU
		{E77FDF74-D152-42EE-8A55-90EC13DB797F}.Debug|wine32.ActiveCfg = Debug|Any CPU
		{E77FDF74-D152-42EE-8A55-90EC13DB797F}.Debug|x64.ActiveCfg = Debug|x64
		{E77FDF74-D152-42EE-8A55-90EC13DB797F}.Debug|x64.Build.0 = Debug|x64
		{E77FDF74-D152-42EE-8A55-90EC13DB797F}.Debug|x86.ActiveCfg = Debug|Any CPU
		{E77FDF74-D152-42EE-8A55-90EC13DB797F}.Release Linux|wine32.ActiveCfg = Release|Any CPU
		{E77FDF74-D152-42EE-8A55-90EC13DB797F}.Release Linux|wine32.Build.0 = Release|Any CPU
		{E77FDF74-D152-42EE-8A55-90EC13DB797F}.Release Linux|x64.ActiveCfg = Release|Any CPU
		{E77FDF74-D152-42EE-8A55-90EC13DB797F}.Release Linux|x64.Build.0 = Release|Any CPU
		{E77FDF74-D152-42EE-8A55-90EC13DB797F}.Release Linux|x86.ActiveCfg = Release|Any CPU
		{E77FDF74-D152-42EE-8A55-90EC13DB797F}.Release Linux|x86.Build.0 = Release|Any CPU
		{E77FDF74-D152-42EE-8A55-90EC13DB797F}.Release WinMac|wine32.ActiveCfg = Release|Any CPU
		{E77FDF74-D152-42EE-8A55-90EC13DB797F}.Release WinMac|wine32.Build.0 = Release|Any CPU
		{E77FDF74-D152-42EE-8A55-90EC13DB797F}.Release WinMac|x64.ActiveCfg = Release|x64
		{E77FDF74-D152-42EE-8A55-90EC13DB797F}.Release WinMac|x64.Build.0 = Release|x64
		{E77FDF74-D152-42EE-8A55-90EC13DB797F}.Release WinMac|x86.ActiveCfg = Release|Any CPU
		{E77FDF74-D152-42EE-8A55-90EC13DB797F}.Release WinMac|x86.Build.0 = Release|Any CPU
		{A93330A8-2E9F-4A01-8F3E-9EFC685AA378}.Debug|wine32.ActiveCfg = Debug|Any CPU
		{A93330A8-2E9F-4A01-8F3E-9EFC685AA378}.Debug|x64.ActiveCfg = Debug|Any CPU
		{A93330A8-2E9F-4A01-8F3E-9EFC685AA378}.Debug|x64.Build.0 = Debug|Any CPU
		{A93330A8-2E9F-4A01-8F3E-9EFC685AA378}.Debug|x86.ActiveCfg = Debug|Any CPU
		{A93330A8-2E9F-4A01-8F3E-9EFC685AA378}.Release Linux|wine32.ActiveCfg = Release|Any CPU
		{A93330A8-2E9F-4A01-8F3E-9EFC685AA378}.Release Linux|wine32.Build.0 = Release|Any CPU
		{A93330A8-2E9F-4A01-8F3E-9EFC685AA378}.Release Linux|x64.ActiveCfg = Release|Any CPU
		{A93330A8-2E9F-4A01-8F3E-9EFC685AA378}.Release Linux|x64.Build.0 = Release|Any CPU
		{A93330A8-2E9F-4A01-8F3E-9EFC685AA378}.Release Linux|x86.ActiveCfg = Release|Any CPU
		{A93330A8-2E9F-4A01-8F3E-9EFC685AA378}.Release Linux|x86.Build.0 = Release|Any CPU
		{A93330A8-2E9F-4A01-8F3E-9EFC685AA378}.Release WinMac|wine32.ActiveCfg = Release|Any CPU
		{A93330A8-2E9F-4A01-8F3E-9EFC685AA378}.Release WinMac|wine32.Build.0 = Release|Any CPU
		{A93330A8-2E9F-4A01-8F3E-9EFC685AA378}.Release WinMac|x64.ActiveCfg = Release|Any CPU
		{A93330A8-2E9F-4A01-8F3E-9EFC685AA378}.Release WinMac|x64.Build.0 = Release|Any CPU
		{A93330A8-2E9F-4A01-8F3E-9EFC685AA378}.Release WinMac|x86.ActiveCfg = Release|Any CPU
		{A93330A8-2E9F-4A01-8F3E-9EFC685AA378}.Release WinMac|x86.Build.0 = Release|Any CPU
		{DC5B9572-697E-485A-B659-FDC65956611F}.Debug|wine32.ActiveCfg = Debug|Any CPU
		{DC5B9572-697E-485A-B659-FDC65956611F}.Debug|x64.ActiveCfg = Debug|Any CPU
		{DC5B9572-697E-485A-B659-FDC65956611F}.Debug|x64.Build.0 = Debug|Any CPU
		{DC5B9572-697E-485A-B659-FDC65956611F}.Debug|x86.ActiveCfg = Debug|Any CPU
		{DC5B9572-697E-485A-B659-FDC65956611F}.Release Linux|wine32.ActiveCfg = Release|Any CPU
		{DC5B9572-697E-485A-B659-FDC65956611F}.Release Linux|x64.ActiveCfg = Release|Any CPU
		{DC5B9572-697E-485A-B659-FDC65956611F}.Release Linux|x86.ActiveCfg = Release|Any CPU
		{DC5B9572-697E-485A-B659-FDC65956611F}.Release WinMac|wine32.ActiveCfg = Release|Any CPU
		{DC5B9572-697E-485A-B659-FDC65956611F}.Release WinMac|x64.ActiveCfg = Release|Any CPU
		{DC5B9572-697E-485A-B659-FDC65956611F}.Release WinMac|x86.ActiveCfg = Release|Any CPU
		{FEA05AE3-5EE2-4A7B-88B3-1A4F9000EA08}.Debug|wine32.ActiveCfg = Debug|Any CPU
		{FEA05AE3-5EE2-4A7B-88B3-1A4F9000EA08}.Debug|x64.ActiveCfg = Debug|Any CPU
		{FEA05AE3-5EE2-4A7B-88B3-1A4F9000EA08}.Debug|x64.Build.0 = Debug|Any CPU
		{FEA05AE3-5EE2-4A7B-88B3-1A4F9000EA08}.Debug|x86.ActiveCfg = Debug|Any CPU
		{FEA05AE3-5EE2-4A7B-88B3-1A4F9000EA08}.Release Linux|wine32.ActiveCfg = Release|Any CPU
		{FEA05AE3-5EE2-4A7B-88B3-1A4F9000EA08}.Release Linux|wine32.Build.0 = Release|Any CPU
		{FEA05AE3-5EE2-4A7B-88B3-1A4F9000EA08}.Release Linux|x64.ActiveCfg = Release|Any CPU
		{FEA05AE3-5EE2-4A7B-88B3-1A4F9000EA08}.Release Linux|x64.Build.0 = Release|Any CPU
		{FEA05AE3-5EE2-4A7B-88B3-1A4F9000EA08}.Release Linux|x86.ActiveCfg = Release|Any CPU
		{FEA05AE3-5EE2-4A7B-88B3-1A4F9000EA08}.Release Linux|x86.Build.0 = Release|Any CPU
		{FEA05AE3-5EE2-4A7B-88B3-1A4F9000EA08}.Release WinMac|wine32.ActiveCfg = Release|Any CPU
		{FEA05AE3-5EE2-4A7B-88B3-1A4F9000EA08}.Release WinMac|wine32.Build.0 = Release|Any CPU
		{FEA05AE3-5EE2-4A7B-88B3-1A4F9000EA08}.Release WinMac|x64.ActiveCfg = Release|Any CPU
		{FEA05AE3-5EE2-4A7B-88B3-1A4F9000EA08}.Release WinMac|x64.Build.0 = Release|Any CPU
		{FEA05AE3-5EE2-4A7B-88B3-1A4F9000EA08}.Release WinMac|x86.ActiveCfg = Release|Any CPU
		{FEA05AE3-5EE2-4A7B-88B3-1A4F9000EA08}.Release WinMac|x86.Build.0 = Release|Any CPU
		{EDB0B095-FF87-4B07-A06F-E314C45D73D4}.Debug|wine32.ActiveCfg = Debug|Any CPU
		{EDB0B095-FF87-4B07-A06F-E314C45D73D4}.Debug|x64.ActiveCfg = Debug|Any CPU
		{EDB0B095-FF87-4B07-A06F-E314C45D73D4}.Debug|x64.Build.0 = Debug|Any CPU
		{EDB0B095-FF87-4B07-A06F-E314C45D73D4}.Debug|x86.ActiveCfg = Debug|Any CPU
		{EDB0B095-FF87-4B07-A06F-E314C45D73D4}.Release Linux|wine32.ActiveCfg = Release|Any CPU
		{EDB0B095-FF87-4B07-A06F-E314C45D73D4}.Release Linux|wine32.Build.0 = Release|Any CPU
		{EDB0B095-FF87-4B07-A06F-E314C45D73D4}.Release Linux|x64.ActiveCfg = Release|Any CPU
		{EDB0B095-FF87-4B07-A06F-E314C45D73D4}.Release Linux|x64.Build.0 = Release|Any CPU
		{EDB0B095-FF87-4B07-A06F-E314C45D73D4}.Release Linux|x86.ActiveCfg = Release|Any CPU
		{EDB0B095-FF87-4B07-A06F-E314C45D73D4}.Release Linux|x86.Build.0 = Release|Any CPU
		{EDB0B095-FF87-4B07-A06F-E314C45D73D4}.Release WinMac|wine32.ActiveCfg = Release|Any CPU
		{EDB0B095-FF87-4B07-A06F-E314C45D73D4}.Release WinMac|wine32.Build.0 = Release|Any CPU
		{EDB0B095-FF87-4B07-A06F-E314C45D73D4}.Release WinMac|x64.ActiveCfg = Release|Any CPU
		{EDB0B095-FF87-4B07-A06F-E314C45D73D4}.Release WinMac|x64.Build.0 = Release|Any CPU
		{EDB0B095-FF87-4B07-A06F-E314C45D73D4}.Release WinMac|x86.ActiveCfg = Release|Any CPU
		{EDB0B095-FF87-4B07-A06F-E314C45D73D4}.Release WinMac|x86.Build.0 = Release|Any CPU
		{FFF180F2-BA11-4028-BF82-A737B56999DE}.Debug|wine32.ActiveCfg = Debug|Any CPU
		{FFF180F2-BA11-4028-BF82-A737B56999DE}.Debug|x64.ActiveCfg = Debug|Any CPU
		{FFF180F2-BA11-4028-BF82-A737B56999DE}.Debug|x64.Build.0 = Debug|Any CPU
		{FFF180F2-BA11-4028-BF82-A737B56999DE}.Debug|x86.ActiveCfg = Debug|Any CPU
		{FFF180F2-BA11-4028-BF82-A737B56999DE}.Release Linux|wine32.ActiveCfg = Release|Any CPU
		{FFF180F2-BA11-4028-BF82-A737B56999DE}.Release Linux|wine32.Build.0 = Release|Any CPU
		{FFF180F2-BA11-4028-BF82-A737B56999DE}.Release Linux|x64.ActiveCfg = Release|Any CPU
		{FFF180F2-BA11-4028-BF82-A737B56999DE}.Release Linux|x64.Build.0 = Release|Any CPU
		{FFF180F2-BA11-4028-BF82-A737B56999DE}.Release Linux|x86.ActiveCfg = Release|Any CPU
		{FFF180F2-BA11-4028-BF82-A737B56999DE}.Release Linux|x86.Build.0 = Release|Any CPU
		{FFF180F2-BA11-4028-BF82-A737B56999DE}.Release WinMac|wine32.ActiveCfg = Release|Any CPU
		{FFF180F2-BA11-4028-BF82-A737B56999DE}.Release WinMac|wine32.Build.0 = Release|Any CPU
		{FFF180F2-BA11-4028-BF82-A737B56999DE}.Release WinMac|x64.ActiveCfg = Release|Any CPU
		{FFF180F2-BA11-4028-BF82-A737B56999DE}.Release WinMac|x64.Build.0 = Release|Any CPU
		{FFF180F2-BA11-4028-BF82-A737B56999DE}.Release WinMac|x86.ActiveCfg = Release|Any CPU
		{FFF180F2-BA11-4028-BF82-A737B56999DE}.Release WinMac|x86.Build.0 = Release|Any CPU
		{3A73164C-C190-4D33-AE6C-A3BC69873E73}.Debug|wine32.ActiveCfg = Debug|Any CPU
		{3A73164C-C190-4D33-AE6C-A3BC69873E73}.Debug|x64.ActiveCfg = Debug|Any CPU
		{3A73164C-C190-4D33-AE6C-A3BC69873E73}.Debug|x64.Build.0 = Debug|Any CPU
		{3A73164C-C190-4D33-AE6C-A3BC69873E73}.Debug|x86.ActiveCfg = Debug|Any CPU
		{3A73164C-C190-4D33-AE6C-A3BC69873E73}.Release Linux|wine32.ActiveCfg = Release|Any CPU
		{3A73164C-C190-4D33-AE6C-A3BC69873E73}.Release Linux|wine32.Build.0 = Release|Any CPU
		{3A73164C-C190-4D33-AE6C-A3BC69873E73}.Release Linux|x64.ActiveCfg = Release|Any CPU
		{3A73164C-C190-4D33-AE6C-A3BC69873E73}.Release Linux|x64.Build.0 = Release|Any CPU
		{3A73164C-C190-4D33-AE6C-A3BC69873E73}.Release Linux|x86.ActiveCfg = Release|Any CPU
		{3A73164C-C190-4D33-AE6C-A3BC69873E73}.Release Linux|x86.Build.0 = Release|Any CPU
		{3A73164C-C190-4D33-AE6C-A3BC69873E73}.Release WinMac|wine32.ActiveCfg = Release|Any CPU
		{3A73164C-C190-4D33-AE6C-A3BC69873E73}.Release WinMac|wine32.Build.0 = Release|Any CPU
		{3A73164C-C190-4D33-AE6C-A3BC69873E73}.Release WinMac|x64.ActiveCfg = Release|Any CPU
		{3A73164C-C190-4D33-AE6C-A3BC69873E73}.Release WinMac|x64.Build.0 = Release|Any CPU
		{3A73164C-C190-4D33-AE6C-A3BC69873E73}.Release WinMac|x86.ActiveCfg = Release|Any CPU
		{3A73164C-C190-4D33-AE6C-A3BC69873E73}.Release WinMac|x86.Build.0 = Release|Any CPU
		{766C669B-91BD-4C62-A2AF-D3FB9C939715}.Debug|wine32.ActiveCfg = Debug|x86
		{766C669B-91BD-4C62-A2AF-D3FB9C939715}.Debug|wine32.Build.0 = Debug|x86
		{766C669B-91BD-4C62-A2AF-D3FB9C939715}.Debug|x64.ActiveCfg = Debug|Any CPU
		{766C669B-91BD-4C62-A2AF-D3FB9C939715}.Debug|x64.Build.0 = Debug|Any CPU
		{766C669B-91BD-4C62-A2AF-D3FB9C939715}.Debug|x86.ActiveCfg = Debug|x86
		{766C669B-91BD-4C62-A2AF-D3FB9C939715}.Debug|x86.Build.0 = Debug|x86
		{766C669B-91BD-4C62-A2AF-D3FB9C939715}.Release Linux|wine32.ActiveCfg = Release|Any CPU
		{766C669B-91BD-4C62-A2AF-D3FB9C939715}.Release Linux|wine32.Build.0 = Release|Any CPU
		{766C669B-91BD-4C62-A2AF-D3FB9C939715}.Release Linux|x64.ActiveCfg = Release|Any CPU
		{766C669B-91BD-4C62-A2AF-D3FB9C939715}.Release Linux|x64.Build.0 = Release|Any CPU
		{766C669B-91BD-4C62-A2AF-D3FB9C939715}.Release Linux|x86.ActiveCfg = Release|Any CPU
		{766C669B-91BD-4C62-A2AF-D3FB9C939715}.Release Linux|x86.Build.0 = Release|Any CPU
		{766C669B-91BD-4C62-A2AF-D3FB9C939715}.Release WinMac|wine32.ActiveCfg = Release|Any CPU
		{766C669B-91BD-4C62-A2AF-D3FB9C939715}.Release WinMac|wine32.Build.0 = Release|Any CPU
		{766C669B-91BD-4C62-A2AF-D3FB9C939715}.Release WinMac|x64.ActiveCfg = Release|Any CPU
		{766C669B-91BD-4C62-A2AF-D3FB9C939715}.Release WinMac|x64.Build.0 = Release|Any CPU
		{766C669B-91BD-4C62-A2AF-D3FB9C939715}.Release WinMac|x86.ActiveCfg = Release|Any CPU
		{766C669B-91BD-4C62-A2AF-D3FB9C939715}.Release WinMac|x86.Build.0 = Release|Any CPU
		{7E6FB1E7-1450-42FC-ADA4-A724FE43047B}.Debug|wine32.ActiveCfg = Debug|x86
		{7E6FB1E7-1450-42FC-ADA4-A724FE43047B}.Debug|wine32.Build.0 = Debug|x86
		{7E6FB1E7-1450-42FC-ADA4-A724FE43047B}.Debug|x64.ActiveCfg = Debug|x64
		{7E6FB1E7-1450-42FC-ADA4-A724FE43047B}.Debug|x64.Build.0 = Debug|x64
		{7E6FB1E7-1450-42FC-ADA4-A724FE43047B}.Debug|x86.ActiveCfg = Debug|x86
		{7E6FB1E7-1450-42FC-ADA4-A724FE43047B}.Debug|x86.Build.0 = Debug|x86
		{7E6FB1E7-1450-42FC-ADA4-A724FE43047B}.Release Linux|wine32.ActiveCfg = Release|x86
		{7E6FB1E7-1450-42FC-ADA4-A724FE43047B}.Release Linux|wine32.Build.0 = Release|x86
		{7E6FB1E7-1450-42FC-ADA4-A724FE43047B}.Release Linux|x64.ActiveCfg = Release|x64
		{7E6FB1E7-1450-42FC-ADA4-A724FE43047B}.Release Linux|x64.Build.0 = Release|x64
		{7E6FB1E7-1450-42FC-ADA4-A724FE43047B}.Release Linux|x86.ActiveCfg = Release|x86
		{7E6FB1E7-1450-42FC-ADA4-A724FE43047B}.Release Linux|x86.Build.0 = Release|x86
		{7E6FB1E7-1450-42FC-ADA4-A724FE43047B}.Release WinMac|wine32.ActiveCfg = Release|x86
		{7E6FB1E7-1450-42FC-ADA4-A724FE43047B}.Release WinMac|wine32.Build.0 = Release|x86
		{7E6FB1E7-1450-42FC-ADA4-A724FE43047B}.Release WinMac|x64.ActiveCfg = Release|x64
		{7E6FB1E7-1450-42FC-ADA4-A724FE43047B}.Release WinMac|x64.Build.0 = Release|x64
		{7E6FB1E7-1450-42FC-ADA4-A724FE43047B}.Release WinMac|x86.ActiveCfg = Release|x86
		{7E6FB1E7-1450-42FC-ADA4-A724FE43047B}.Release WinMac|x86.Build.0 = Release|x86
		{2FC4816C-796D-4366-98F6-C6E3D481E66D}.Debug|wine32.ActiveCfg = Debug|Any CPU
		{2FC4816C-796D-4366-98F6-C6E3D481E66D}.Debug|wine32.Build.0 = Debug|Any CPU
		{2FC4816C-796D-4366-98F6-C6E3D481E66D}.Debug|x64.ActiveCfg = Debug|Any CPU
		{2FC4816C-796D-4366-98F6-C6E3D481E66D}.Debug|x64.Build.0 = Debug|Any CPU
		{2FC4816C-796D-4366-98F6-C6E3D481E66D}.Debug|x86.ActiveCfg = Debug|Any CPU
		{2FC4816C-796D-4366-98F6-C6E3D481E66D}.Debug|x86.Build.0 = Debug|Any CPU
		{2FC4816C-796D-4366-98F6-C6E3D481E66D}.Release Linux|wine32.ActiveCfg = Release|Any CPU
		{2FC4816C-796D-4366-98F6-C6E3D481E66D}.Release Linux|wine32.Build.0 = Release|Any CPU
		{2FC4816C-796D-4366-98F6-C6E3D481E66D}.Release Linux|x64.ActiveCfg = Release|Any CPU
		{2FC4816C-796D-4366-98F6-C6E3D481E66D}.Release Linux|x64.Build.0 = Release|Any CPU
		{2FC4816C-796D-4366-98F6-C6E3D481E66D}.Release Linux|x86.ActiveCfg = Release|Any CPU
		{2FC4816C-796D-4366-98F6-C6E3D481E66D}.Release Linux|x86.Build.0 = Release|Any CPU
		{2FC4816C-796D-4366-98F6-C6E3D481E66D}.Release WinMac|wine32.ActiveCfg = Release|Any CPU
		{2FC4816C-796D-4366-98F6-C6E3D481E66D}.Release WinMac|wine32.Build.0 = Release|Any CPU
		{2FC4816C-796D-4366-98F6-C6E3D481E66D}.Release WinMac|x64.ActiveCfg = Release|Any CPU
		{2FC4816C-796D-4366-98F6-C6E3D481E66D}.Release WinMac|x64.Build.0 = Release|Any CPU
		{2FC4816C-796D-4366-98F6-C6E3D481E66D}.Release WinMac|x86.ActiveCfg = Release|Any CPU
		{2FC4816C-796D-4366-98F6-C6E3D481E66D}.Release WinMac|x86.Build.0 = Release|Any CPU
		{67C35D45-F95A-4092-82E0-D9CF3B491D41}.Debug|wine32.ActiveCfg = Debug|x86
		{67C35D45-F95A-4092-82E0-D9CF3B491D41}.Debug|wine32.Build.0 = Debug|x86
		{67C35D45-F95A-4092-82E0-D9CF3B491D41}.Debug|x64.ActiveCfg = Debug|Any CPU
		{67C35D45-F95A-4092-82E0-D9CF3B491D41}.Debug|x64.Build.0 = Debug|Any CPU
		{67C35D45-F95A-4092-82E0-D9CF3B491D41}.Debug|x86.ActiveCfg = Debug|x86
		{67C35D45-F95A-4092-82E0-D9CF3B491D41}.Debug|x86.Build.0 = Debug|x86
		{67C35D45-F95A-4092-82E0-D9CF3B491D41}.Release Linux|wine32.ActiveCfg = Release|Any CPU
		{67C35D45-F95A-4092-82E0-D9CF3B491D41}.Release Linux|wine32.Build.0 = Release|Any CPU
		{67C35D45-F95A-4092-82E0-D9CF3B491D41}.Release Linux|x64.ActiveCfg = Release|Any CPU
		{67C35D45-F95A-4092-82E0-D9CF3B491D41}.Release Linux|x64.Build.0 = Release|Any CPU
		{67C35D45-F95A-4092-82E0-D9CF3B491D41}.Release Linux|x86.ActiveCfg = Release|Any CPU
		{67C35D45-F95A-4092-82E0-D9CF3B491D41}.Release Linux|x86.Build.0 = Release|Any CPU
		{67C35D45-F95A-4092-82E0-D9CF3B491D41}.Release WinMac|wine32.ActiveCfg = Release|Any CPU
		{67C35D45-F95A-4092-82E0-D9CF3B491D41}.Release WinMac|wine32.Build.0 = Release|Any CPU
		{67C35D45-F95A-4092-82E0-D9CF3B491D41}.Release WinMac|x64.ActiveCfg = Release|Any CPU
		{67C35D45-F95A-4092-82E0-D9CF3B491D41}.Release WinMac|x64.Build.0 = Release|Any CPU
		{67C35D45-F95A-4092-82E0-D9CF3B491D41}.Release WinMac|x86.ActiveCfg = Release|Any CPU
		{67C35D45-F95A-4092-82E0-D9CF3B491D41}.Release WinMac|x86.Build.0 = Release|Any CPU
		{AEA79E29-5DFF-4AA8-B431-087A67A1467B}.Debug|wine32.ActiveCfg = Debug|Any CPU
		{AEA79E29-5DFF-4AA8-B431-087A67A1467B}.Debug|wine32.Build.0 = Debug|Any CPU
		{AEA79E29-5DFF-4AA8-B431-087A67A1467B}.Debug|x64.ActiveCfg = Debug|Any CPU
		{AEA79E29-5DFF-4AA8-B431-087A67A1467B}.Debug|x64.Build.0 = Debug|Any CPU
		{AEA79E29-5DFF-4AA8-B431-087A67A1467B}.Debug|x86.ActiveCfg = Debug|Any CPU
		{AEA79E29-5DFF-4AA8-B431-087A67A1467B}.Debug|x86.Build.0 = Debug|Any CPU
		{AEA79E29-5DFF-4AA8-B431-087A67A1467B}.Release Linux|wine32.ActiveCfg = Release|Any CPU
		{AEA79E29-5DFF-4AA8-B431-087A67A1467B}.Release Linux|wine32.Build.0 = Release|Any CPU
		{AEA79E29-5DFF-4AA8-B431-087A67A1467B}.Release Linux|x64.ActiveCfg = Release|Any CPU
		{AEA79E29-5DFF-4AA8-B431-087A67A1467B}.Release Linux|x64.Build.0 = Release|Any CPU
		{AEA79E29-5DFF-4AA8-B431-087A67A1467B}.Release Linux|x86.ActiveCfg = Release|Any CPU
		{AEA79E29-5DFF-4AA8-B431-087A67A1467B}.Release Linux|x86.Build.0 = Release|Any CPU
		{AEA79E29-5DFF-4AA8-B431-087A67A1467B}.Release WinMac|wine32.ActiveCfg = Release|Any CPU
		{AEA79E29-5DFF-4AA8-B431-087A67A1467B}.Release WinMac|wine32.Build.0 = Release|Any CPU
		{AEA79E29-5DFF-4AA8-B431-087A67A1467B}.Release WinMac|x64.ActiveCfg = Release|Any CPU
		{AEA79E29-5DFF-4AA8-B431-087A67A1467B}.Release WinMac|x64.Build.0 = Release|Any CPU
		{AEA79E29-5DFF-4AA8-B431-087A67A1467B}.Release WinMac|x86.ActiveCfg = Release|Any CPU
		{AEA79E29-5DFF-4AA8-B431-087A67A1467B}.Release WinMac|x86.Build.0 = Release|Any CPU
		{DB4BE4C5-CF84-48AE-ACA0-3A275112E1DB}.Debug|wine32.ActiveCfg = Debug|Any CPU
		{DB4BE4C5-CF84-48AE-ACA0-3A275112E1DB}.Debug|x64.ActiveCfg = Debug|Any CPU
		{DB4BE4C5-CF84-48AE-ACA0-3A275112E1DB}.Debug|x64.Build.0 = Debug|Any CPU
		{DB4BE4C5-CF84-48AE-ACA0-3A275112E1DB}.Debug|x86.ActiveCfg = Debug|Any CPU
		{DB4BE4C5-CF84-48AE-ACA0-3A275112E1DB}.Release Linux|wine32.ActiveCfg = Release|Any CPU
		{DB4BE4C5-CF84-48AE-ACA0-3A275112E1DB}.Release Linux|wine32.Build.0 = Release|Any CPU
		{DB4BE4C5-CF84-48AE-ACA0-3A275112E1DB}.Release Linux|x64.ActiveCfg = Release|Any CPU
		{DB4BE4C5-CF84-48AE-ACA0-3A275112E1DB}.Release Linux|x64.Build.0 = Release|Any CPU
		{DB4BE4C5-CF84-48AE-ACA0-3A275112E1DB}.Release Linux|x86.ActiveCfg = Release|Any CPU
		{DB4BE4C5-CF84-48AE-ACA0-3A275112E1DB}.Release Linux|x86.Build.0 = Release|Any CPU
		{DB4BE4C5-CF84-48AE-ACA0-3A275112E1DB}.Release WinMac|wine32.ActiveCfg = Release|Any CPU
		{DB4BE4C5-CF84-48AE-ACA0-3A275112E1DB}.Release WinMac|wine32.Build.0 = Release|Any CPU
		{DB4BE4C5-CF84-48AE-ACA0-3A275112E1DB}.Release WinMac|x64.ActiveCfg = Release|Any CPU
		{DB4BE4C5-CF84-48AE-ACA0-3A275112E1DB}.Release WinMac|x64.Build.0 = Release|Any CPU
		{DB4BE4C5-CF84-48AE-ACA0-3A275112E1DB}.Release WinMac|x86.ActiveCfg = Release|Any CPU
		{DB4BE4C5-CF84-48AE-ACA0-3A275112E1DB}.Release WinMac|x86.Build.0 = Release|Any CPU
		{BA99BA15-8C63-408E-B65F-1E7160F85E9C}.Debug|wine32.ActiveCfg = Debug|Any CPU
		{BA99BA15-8C63-408E-B65F-1E7160F85E9C}.Debug|x64.ActiveCfg = Debug|Any CPU
		{BA99BA15-8C63-408E-B65F-1E7160F85E9C}.Debug|x64.Build.0 = Debug|Any CPU
		{BA99BA15-8C63-408E-B65F-1E7160F85E9C}.Debug|x86.ActiveCfg = Debug|Any CPU
		{BA99BA15-8C63-408E-B65F-1E7160F85E9C}.Release Linux|wine32.ActiveCfg = Release|Any CPU
		{BA99BA15-8C63-408E-B65F-1E7160F85E9C}.Release Linux|wine32.Build.0 = Release|Any CPU
		{BA99BA15-8C63-408E-B65F-1E7160F85E9C}.Release Linux|x64.ActiveCfg = Release|Any CPU
		{BA99BA15-8C63-408E-B65F-1E7160F85E9C}.Release Linux|x64.Build.0 = Release|Any CPU
		{BA99BA15-8C63-408E-B65F-1E7160F85E9C}.Release Linux|x86.ActiveCfg = Release|Any CPU
		{BA99BA15-8C63-408E-B65F-1E7160F85E9C}.Release Linux|x86.Build.0 = Release|Any CPU
		{BA99BA15-8C63-408E-B65F-1E7160F85E9C}.Release WinMac|wine32.ActiveCfg = Release|Any CPU
		{BA99BA15-8C63-408E-B65F-1E7160F85E9C}.Release WinMac|wine32.Build.0 = Release|Any CPU
		{BA99BA15-8C63-408E-B65F-1E7160F85E9C}.Release WinMac|x64.ActiveCfg = Release|Any CPU
		{BA99BA15-8C63-408E-B65F-1E7160F85E9C}.Release WinMac|x64.Build.0 = Release|Any CPU
		{BA99BA15-8C63-408E-B65F-1E7160F85E9C}.Release WinMac|x86.ActiveCfg = Release|Any CPU
		{BA99BA15-8C63-408E-B65F-1E7160F85E9C}.Release WinMac|x86.Build.0 = Release|Any CPU
		{2FFD2514-E4F9-4C19-B38E-B77560585D61}.Debug|wine32.ActiveCfg = Debug|Any CPU
		{2FFD2514-E4F9-4C19-B38E-B77560585D61}.Debug|x64.ActiveCfg = Debug|Any CPU
		{2FFD2514-E4F9-4C19-B38E-B77560585D61}.Debug|x64.Build.0 = Debug|Any CPU
		{2FFD2514-E4F9-4C19-B38E-B77560585D61}.Debug|x86.ActiveCfg = Debug|Any CPU
		{2FFD2514-E4F9-4C19-B38E-B77560585D61}.Release Linux|wine32.ActiveCfg = Release|Any CPU
		{2FFD2514-E4F9-4C19-B38E-B77560585D61}.Release Linux|wine32.Build.0 = Release|Any CPU
		{2FFD2514-E4F9-4C19-B38E-B77560585D61}.Release Linux|x64.ActiveCfg = Release|Any CPU
		{2FFD2514-E4F9-4C19-B38E-B77560585D61}.Release Linux|x64.Build.0 = Release|Any CPU
		{2FFD2514-E4F9-4C19-B38E-B77560585D61}.Release Linux|x86.ActiveCfg = Release|Any CPU
		{2FFD2514-E4F9-4C19-B38E-B77560585D61}.Release Linux|x86.Build.0 = Release|Any CPU
		{2FFD2514-E4F9-4C19-B38E-B77560585D61}.Release WinMac|wine32.ActiveCfg = Release|Any CPU
		{2FFD2514-E4F9-4C19-B38E-B77560585D61}.Release WinMac|wine32.Build.0 = Release|Any CPU
		{2FFD2514-E4F9-4C19-B38E-B77560585D61}.Release WinMac|x64.ActiveCfg = Release|Any CPU
		{2FFD2514-E4F9-4C19-B38E-B77560585D61}.Release WinMac|x64.Build.0 = Release|Any CPU
		{2FFD2514-E4F9-4C19-B38E-B77560585D61}.Release WinMac|x86.ActiveCfg = Release|Any CPU
		{2FFD2514-E4F9-4C19-B38E-B77560585D61}.Release WinMac|x86.Build.0 = Release|Any CPU
		{A4B56FF1-995E-4288-8801-7F086668C4A2}.Debug|wine32.ActiveCfg = Debug|Any CPU
		{A4B56FF1-995E-4288-8801-7F086668C4A2}.Debug|wine32.Build.0 = Debug|Any CPU
		{A4B56FF1-995E-4288-8801-7F086668C4A2}.Debug|x64.ActiveCfg = Debug|Any CPU
		{A4B56FF1-995E-4288-8801-7F086668C4A2}.Debug|x64.Build.0 = Debug|Any CPU
		{A4B56FF1-995E-4288-8801-7F086668C4A2}.Debug|x86.ActiveCfg = Debug|Any CPU
		{A4B56FF1-995E-4288-8801-7F086668C4A2}.Debug|x86.Build.0 = Debug|Any CPU
		{A4B56FF1-995E-4288-8801-7F086668C4A2}.Release Linux|wine32.ActiveCfg = Release|Any CPU
		{A4B56FF1-995E-4288-8801-7F086668C4A2}.Release Linux|wine32.Build.0 = Release|Any CPU
		{A4B56FF1-995E-4288-8801-7F086668C4A2}.Release Linux|x64.ActiveCfg = Release|Any CPU
		{A4B56FF1-995E-4288-8801-7F086668C4A2}.Release Linux|x64.Build.0 = Release|Any CPU
		{A4B56FF1-995E-4288-8801-7F086668C4A2}.Release Linux|x86.ActiveCfg = Release|Any CPU
		{A4B56FF1-995E-4288-8801-7F086668C4A2}.Release Linux|x86.Build.0 = Release|Any CPU
		{A4B56FF1-995E-4288-8801-7F086668C4A2}.Release WinMac|wine32.ActiveCfg = Release|Any CPU
		{A4B56FF1-995E-4288-8801-7F086668C4A2}.Release WinMac|wine32.Build.0 = Release|Any CPU
		{A4B56FF1-995E-4288-8801-7F086668C4A2}.Release WinMac|x64.ActiveCfg = Release|Any CPU
		{A4B56FF1-995E-4288-8801-7F086668C4A2}.Release WinMac|x64.Build.0 = Release|Any CPU
		{A4B56FF1-995E-4288-8801-7F086668C4A2}.Release WinMac|x86.ActiveCfg = Release|Any CPU
		{A4B56FF1-995E-4288-8801-7F086668C4A2}.Release WinMac|x86.Build.0 = Release|Any CPU
		{A58EB237-F703-45CF-89F9-E8B91BFF76C1}.Debug|wine32.ActiveCfg = Debug|Any CPU
		{A58EB237-F703-45CF-89F9-E8B91BFF76C1}.Debug|x64.ActiveCfg = Debug|Any CPU
		{A58EB237-F703-45CF-89F9-E8B91BFF76C1}.Debug|x64.Build.0 = Debug|Any CPU
		{A58EB237-F703-45CF-89F9-E8B91BFF76C1}.Debug|x86.ActiveCfg = Debug|Any CPU
		{A58EB237-F703-45CF-89F9-E8B91BFF76C1}.Release Linux|wine32.ActiveCfg = Release|Any CPU
		{A58EB237-F703-45CF-89F9-E8B91BFF76C1}.Release Linux|wine32.Build.0 = Release|Any CPU
		{A58EB237-F703-45CF-89F9-E8B91BFF76C1}.Release Linux|x64.ActiveCfg = Release|Any CPU
		{A58EB237-F703-45CF-89F9-E8B91BFF76C1}.Release Linux|x64.Build.0 = Release|Any CPU
		{A58EB237-F703-45CF-89F9-E8B91BFF76C1}.Release Linux|x86.ActiveCfg = Release|Any CPU
		{A58EB237-F703-45CF-89F9-E8B91BFF76C1}.Release Linux|x86.Build.0 = Release|Any CPU
		{A58EB237-F703-45CF-89F9-E8B91BFF76C1}.Release WinMac|wine32.ActiveCfg = Release|Any CPU
		{A58EB237-F703-45CF-89F9-E8B91BFF76C1}.Release WinMac|wine32.Build.0 = Release|Any CPU
		{A58EB237-F703-45CF-89F9-E8B91BFF76C1}.Release WinMac|x64.ActiveCfg = Release|Any CPU
		{A58EB237-F703-45CF-89F9-E8B91BFF76C1}.Release WinMac|x64.Build.0 = Release|Any CPU
		{A58EB237-F703-45CF-89F9-E8B91BFF76C1}.Release WinMac|x86.ActiveCfg = Release|Any CPU
		{A58EB237-F703-45CF-89F9-E8B91BFF76C1}.Release WinMac|x86.Build.0 = Release|Any CPU
		{5BA7546B-010C-4197-975E-F462BBEA1EC4}.Debug|wine32.ActiveCfg = Debug|Any CPU
		{5BA7546B-010C-4197-975E-F462BBEA1EC4}.Debug|x64.ActiveCfg = Debug|Any CPU
		{5BA7546B-010C-4197-975E-F462BBEA1EC4}.Debug|x64.Build.0 = Debug|Any CPU
		{5BA7546B-010C-4197-975E-F462BBEA1EC4}.Debug|x86.ActiveCfg = Debug|Any CPU
		{5BA7546B-010C-4197-975E-F462BBEA1EC4}.Release Linux|wine32.ActiveCfg = Release|Any CPU
		{5BA7546B-010C-4197-975E-F462BBEA1EC4}.Release Linux|wine32.Build.0 = Release|Any CPU
		{5BA7546B-010C-4197-975E-F462BBEA1EC4}.Release Linux|x64.ActiveCfg = Release|Any CPU
		{5BA7546B-010C-4197-975E-F462BBEA1EC4}.Release Linux|x64.Build.0 = Release|Any CPU
		{5BA7546B-010C-4197-975E-F462BBEA1EC4}.Release Linux|x86.ActiveCfg = Release|Any CPU
		{5BA7546B-010C-4197-975E-F462BBEA1EC4}.Release Linux|x86.Build.0 = Release|Any CPU
		{5BA7546B-010C-4197-975E-F462BBEA1EC4}.Release WinMac|wine32.ActiveCfg = Release|Any CPU
		{5BA7546B-010C-4197-975E-F462BBEA1EC4}.Release WinMac|wine32.Build.0 = Release|Any CPU
		{5BA7546B-010C-4197-975E-F462BBEA1EC4}.Release WinMac|x64.ActiveCfg = Release|Any CPU
		{5BA7546B-010C-4197-975E-F462BBEA1EC4}.Release WinMac|x64.Build.0 = Release|Any CPU
		{5BA7546B-010C-4197-975E-F462BBEA1EC4}.Release WinMac|x86.ActiveCfg = Release|Any CPU
		{5BA7546B-010C-4197-975E-F462BBEA1EC4}.Release WinMac|x86.Build.0 = Release|Any CPU
		{86AF29BB-4CB1-4818-98A3-031D0711625D}.Debug|wine32.ActiveCfg = Debug|Any CPU
		{86AF29BB-4CB1-4818-98A3-031D0711625D}.Debug|x64.ActiveCfg = Debug|Any CPU
		{86AF29BB-4CB1-4818-98A3-031D0711625D}.Debug|x64.Build.0 = Debug|Any CPU
		{86AF29BB-4CB1-4818-98A3-031D0711625D}.Debug|x86.ActiveCfg = Debug|Any CPU
		{86AF29BB-4CB1-4818-98A3-031D0711625D}.Release Linux|wine32.ActiveCfg = Release|Any CPU
		{86AF29BB-4CB1-4818-98A3-031D0711625D}.Release Linux|wine32.Build.0 = Release|Any CPU
		{86AF29BB-4CB1-4818-98A3-031D0711625D}.Release Linux|x64.ActiveCfg = Release|Any CPU
		{86AF29BB-4CB1-4818-98A3-031D0711625D}.Release Linux|x64.Build.0 = Release|Any CPU
		{86AF29BB-4CB1-4818-98A3-031D0711625D}.Release Linux|x86.ActiveCfg = Release|Any CPU
		{86AF29BB-4CB1-4818-98A3-031D0711625D}.Release Linux|x86.Build.0 = Release|Any CPU
		{86AF29BB-4CB1-4818-98A3-031D0711625D}.Release WinMac|wine32.ActiveCfg = Release|Any CPU
		{86AF29BB-4CB1-4818-98A3-031D0711625D}.Release WinMac|wine32.Build.0 = Release|Any CPU
		{86AF29BB-4CB1-4818-98A3-031D0711625D}.Release WinMac|x64.ActiveCfg = Release|Any CPU
		{86AF29BB-4CB1-4818-98A3-031D0711625D}.Release WinMac|x64.Build.0 = Release|Any CPU
		{86AF29BB-4CB1-4818-98A3-031D0711625D}.Release WinMac|x86.ActiveCfg = Release|Any CPU
		{86AF29BB-4CB1-4818-98A3-031D0711625D}.Release WinMac|x86.Build.0 = Release|Any CPU
		{0F6737EB-DB5A-4872-BEF8-5EF10B4F1C1C}.Debug|wine32.ActiveCfg = Debug|Any CPU
		{0F6737EB-DB5A-4872-BEF8-5EF10B4F1C1C}.Debug|x64.ActiveCfg = Debug|Any CPU
		{0F6737EB-DB5A-4872-BEF8-5EF10B4F1C1C}.Debug|x64.Build.0 = Debug|Any CPU
		{0F6737EB-DB5A-4872-BEF8-5EF10B4F1C1C}.Debug|x86.ActiveCfg = Debug|Any CPU
		{0F6737EB-DB5A-4872-BEF8-5EF10B4F1C1C}.Release Linux|wine32.ActiveCfg = Release|Any CPU
		{0F6737EB-DB5A-4872-BEF8-5EF10B4F1C1C}.Release Linux|wine32.Build.0 = Release|Any CPU
		{0F6737EB-DB5A-4872-BEF8-5EF10B4F1C1C}.Release Linux|x64.ActiveCfg = Release|Any CPU
		{0F6737EB-DB5A-4872-BEF8-5EF10B4F1C1C}.Release Linux|x64.Build.0 = Release|Any CPU
		{0F6737EB-DB5A-4872-BEF8-5EF10B4F1C1C}.Release Linux|x86.ActiveCfg = Release|Any CPU
		{0F6737EB-DB5A-4872-BEF8-5EF10B4F1C1C}.Release Linux|x86.Build.0 = Release|Any CPU
		{0F6737EB-DB5A-4872-BEF8-5EF10B4F1C1C}.Release WinMac|wine32.ActiveCfg = Release|Any CPU
		{0F6737EB-DB5A-4872-BEF8-5EF10B4F1C1C}.Release WinMac|wine32.Build.0 = Release|Any CPU
		{0F6737EB-DB5A-4872-BEF8-5EF10B4F1C1C}.Release WinMac|x64.ActiveCfg = Release|Any CPU
		{0F6737EB-DB5A-4872-BEF8-5EF10B4F1C1C}.Release WinMac|x64.Build.0 = Release|Any CPU
		{0F6737EB-DB5A-4872-BEF8-5EF10B4F1C1C}.Release WinMac|x86.ActiveCfg = Release|Any CPU
		{0F6737EB-DB5A-4872-BEF8-5EF10B4F1C1C}.Release WinMac|x86.Build.0 = Release|Any CPU
		{E4E37BFA-063F-4DBA-A1BF-294D392C2CA4}.Debug|wine32.ActiveCfg = Debug|Any CPU
		{E4E37BFA-063F-4DBA-A1BF-294D392C2CA4}.Debug|wine32.Build.0 = Debug|Any CPU
		{E4E37BFA-063F-4DBA-A1BF-294D392C2CA4}.Debug|x64.ActiveCfg = Debug|Any CPU
		{E4E37BFA-063F-4DBA-A1BF-294D392C2CA4}.Debug|x64.Build.0 = Debug|Any CPU
		{E4E37BFA-063F-4DBA-A1BF-294D392C2CA4}.Debug|x86.ActiveCfg = Debug|Any CPU
		{E4E37BFA-063F-4DBA-A1BF-294D392C2CA4}.Debug|x86.Build.0 = Debug|Any CPU
		{E4E37BFA-063F-4DBA-A1BF-294D392C2CA4}.Release Linux|wine32.ActiveCfg = Release|Any CPU
		{E4E37BFA-063F-4DBA-A1BF-294D392C2CA4}.Release Linux|wine32.Build.0 = Release|Any CPU
		{E4E37BFA-063F-4DBA-A1BF-294D392C2CA4}.Release Linux|x64.ActiveCfg = Release|Any CPU
		{E4E37BFA-063F-4DBA-A1BF-294D392C2CA4}.Release Linux|x64.Build.0 = Release|Any CPU
		{E4E37BFA-063F-4DBA-A1BF-294D392C2CA4}.Release Linux|x86.ActiveCfg = Release|Any CPU
		{E4E37BFA-063F-4DBA-A1BF-294D392C2CA4}.Release Linux|x86.Build.0 = Release|Any CPU
		{E4E37BFA-063F-4DBA-A1BF-294D392C2CA4}.Release WinMac|wine32.ActiveCfg = Release|Any CPU
		{E4E37BFA-063F-4DBA-A1BF-294D392C2CA4}.Release WinMac|wine32.Build.0 = Release|Any CPU
		{E4E37BFA-063F-4DBA-A1BF-294D392C2CA4}.Release WinMac|x64.ActiveCfg = Release|Any CPU
		{E4E37BFA-063F-4DBA-A1BF-294D392C2CA4}.Release WinMac|x64.Build.0 = Release|Any CPU
		{E4E37BFA-063F-4DBA-A1BF-294D392C2CA4}.Release WinMac|x86.ActiveCfg = Release|Any CPU
		{E4E37BFA-063F-4DBA-A1BF-294D392C2CA4}.Release WinMac|x86.Build.0 = Release|Any CPU
		{CE1B1451-22A9-4CF3-A0FF-821B9E629696}.Debug|wine32.ActiveCfg = Debug|Any CPU
		{CE1B1451-22A9-4CF3-A0FF-821B9E629696}.Debug|wine32.Build.0 = Debug|Any CPU
		{CE1B1451-22A9-4CF3-A0FF-821B9E629696}.Debug|x64.ActiveCfg = Debug|Any CPU
		{CE1B1451-22A9-4CF3-A0FF-821B9E629696}.Debug|x86.ActiveCfg = Debug|Any CPU
		{CE1B1451-22A9-4CF3-A0FF-821B9E629696}.Debug|x86.Build.0 = Debug|Any CPU
		{CE1B1451-22A9-4CF3-A0FF-821B9E629696}.Release Linux|wine32.ActiveCfg = Release|Any CPU
		{CE1B1451-22A9-4CF3-A0FF-821B9E629696}.Release Linux|x64.ActiveCfg = Release|Any CPU
		{CE1B1451-22A9-4CF3-A0FF-821B9E629696}.Release Linux|x86.ActiveCfg = Release|Any CPU
		{CE1B1451-22A9-4CF3-A0FF-821B9E629696}.Release WinMac|wine32.ActiveCfg = Release|Any CPU
		{CE1B1451-22A9-4CF3-A0FF-821B9E629696}.Release WinMac|x64.ActiveCfg = Release|Any CPU
		{CE1B1451-22A9-4CF3-A0FF-821B9E629696}.Release WinMac|x86.ActiveCfg = Release|Any CPU
		{C0261CF7-B22C-4E27-9373-B0878F3FC298}.Debug|wine32.ActiveCfg = Debug|Any CPU
		{C0261CF7-B22C-4E27-9373-B0878F3FC298}.Debug|wine32.Build.0 = Debug|Any CPU
		{C0261CF7-B22C-4E27-9373-B0878F3FC298}.Debug|x64.ActiveCfg = Debug|Any CPU
		{C0261CF7-B22C-4E27-9373-B0878F3FC298}.Debug|x86.ActiveCfg = Debug|Any CPU
		{C0261CF7-B22C-4E27-9373-B0878F3FC298}.Debug|x86.Build.0 = Debug|Any CPU
		{C0261CF7-B22C-4E27-9373-B0878F3FC298}.Release Linux|wine32.ActiveCfg = Release|Any CPU
		{C0261CF7-B22C-4E27-9373-B0878F3FC298}.Release Linux|x64.ActiveCfg = Release|Any CPU
		{C0261CF7-B22C-4E27-9373-B0878F3FC298}.Release Linux|x86.ActiveCfg = Release|Any CPU
		{C0261CF7-B22C-4E27-9373-B0878F3FC298}.Release WinMac|wine32.ActiveCfg = Release|Any CPU
		{C0261CF7-B22C-4E27-9373-B0878F3FC298}.Release WinMac|x64.ActiveCfg = Release|Any CPU
		{C0261CF7-B22C-4E27-9373-B0878F3FC298}.Release WinMac|x86.ActiveCfg = Release|Any CPU
		{F4E6F3E7-532C-4091-A82F-1DD7D191A13B}.Debug|wine32.ActiveCfg = Debug|Any CPU
		{F4E6F3E7-532C-4091-A82F-1DD7D191A13B}.Debug|wine32.Build.0 = Debug|Any CPU
		{F4E6F3E7-532C-4091-A82F-1DD7D191A13B}.Debug|x64.ActiveCfg = Debug|Any CPU
		{F4E6F3E7-532C-4091-A82F-1DD7D191A13B}.Debug|x64.Build.0 = Debug|Any CPU
		{F4E6F3E7-532C-4091-A82F-1DD7D191A13B}.Debug|x86.ActiveCfg = Debug|Any CPU
		{F4E6F3E7-532C-4091-A82F-1DD7D191A13B}.Debug|x86.Build.0 = Debug|Any CPU
		{F4E6F3E7-532C-4091-A82F-1DD7D191A13B}.Release Linux|wine32.ActiveCfg = Release|Any CPU
		{F4E6F3E7-532C-4091-A82F-1DD7D191A13B}.Release Linux|wine32.Build.0 = Release|Any CPU
		{F4E6F3E7-532C-4091-A82F-1DD7D191A13B}.Release Linux|x64.ActiveCfg = Release|Any CPU
		{F4E6F3E7-532C-4091-A82F-1DD7D191A13B}.Release Linux|x64.Build.0 = Release|Any CPU
		{F4E6F3E7-532C-4091-A82F-1DD7D191A13B}.Release Linux|x86.ActiveCfg = Release|Any CPU
		{F4E6F3E7-532C-4091-A82F-1DD7D191A13B}.Release Linux|x86.Build.0 = Release|Any CPU
		{F4E6F3E7-532C-4091-A82F-1DD7D191A13B}.Release WinMac|wine32.ActiveCfg = Release|Any CPU
		{F4E6F3E7-532C-4091-A82F-1DD7D191A13B}.Release WinMac|wine32.Build.0 = Release|Any CPU
		{F4E6F3E7-532C-4091-A82F-1DD7D191A13B}.Release WinMac|x64.ActiveCfg = Release|Any CPU
		{F4E6F3E7-532C-4091-A82F-1DD7D191A13B}.Release WinMac|x64.Build.0 = Release|Any CPU
		{F4E6F3E7-532C-4091-A82F-1DD7D191A13B}.Release WinMac|x86.ActiveCfg = Release|Any CPU
		{F4E6F3E7-532C-4091-A82F-1DD7D191A13B}.Release WinMac|x86.Build.0 = Release|Any CPU
		{4FD11110-5C50-4069-B3DA-A5FE1D2417C5}.Debug|wine32.ActiveCfg = Debug|Any CPU
		{4FD11110-5C50-4069-B3DA-A5FE1D2417C5}.Debug|wine32.Build.0 = Debug|Any CPU
		{4FD11110-5C50-4069-B3DA-A5FE1D2417C5}.Debug|x64.ActiveCfg = Debug|Any CPU
		{4FD11110-5C50-4069-B3DA-A5FE1D2417C5}.Debug|x64.Build.0 = Debug|Any CPU
		{4FD11110-5C50-4069-B3DA-A5FE1D2417C5}.Debug|x86.ActiveCfg = Debug|Any CPU
		{4FD11110-5C50-4069-B3DA-A5FE1D2417C5}.Debug|x86.Build.0 = Debug|Any CPU
		{4FD11110-5C50-4069-B3DA-A5FE1D2417C5}.Release Linux|wine32.ActiveCfg = Release|Any CPU
		{4FD11110-5C50-4069-B3DA-A5FE1D2417C5}.Release Linux|wine32.Build.0 = Release|Any CPU
		{4FD11110-5C50-4069-B3DA-A5FE1D2417C5}.Release Linux|x64.ActiveCfg = Release|Any CPU
		{4FD11110-5C50-4069-B3DA-A5FE1D2417C5}.Release Linux|x64.Build.0 = Release|Any CPU
		{4FD11110-5C50-4069-B3DA-A5FE1D2417C5}.Release Linux|x86.ActiveCfg = Release|Any CPU
		{4FD11110-5C50-4069-B3DA-A5FE1D2417C5}.Release Linux|x86.Build.0 = Release|Any CPU
		{4FD11110-5C50-4069-B3DA-A5FE1D2417C5}.Release WinMac|wine32.ActiveCfg = Release|Any CPU
		{4FD11110-5C50-4069-B3DA-A5FE1D2417C5}.Release WinMac|wine32.Build.0 = Release|Any CPU
		{4FD11110-5C50-4069-B3DA-A5FE1D2417C5}.Release WinMac|x64.ActiveCfg = Release|Any CPU
		{4FD11110-5C50-4069-B3DA-A5FE1D2417C5}.Release WinMac|x64.Build.0 = Release|Any CPU
		{4FD11110-5C50-4069-B3DA-A5FE1D2417C5}.Release WinMac|x86.ActiveCfg = Release|Any CPU
		{4FD11110-5C50-4069-B3DA-A5FE1D2417C5}.Release WinMac|x86.Build.0 = Release|Any CPU
	EndGlobalSection
	GlobalSection(SolutionProperties) = preSolution
		HideSolutionNode = FALSE
	EndGlobalSection
	GlobalSection(NestedProjects) = preSolution
		{A8AF483A-90B4-437C-A8BA-DF597F01441E} = {59BD7344-FE2F-4A7F-A309-FE7E090C6342}
		{40E0E548-532F-4C7F-B1E7-2CAED88D5552} = {59BD7344-FE2F-4A7F-A309-FE7E090C6342}
	EndGlobalSection
	GlobalSection(ExtensibilityGlobals) = postSolution
		SolutionGuid = {01DC0FFB-80E7-4B74-BA4D-9137B9F4476F}
	EndGlobalSection
	GlobalSection(MonoDevelopProperties) = preSolution
		Policies = $0
		$0.TextStylePolicy = $1
		$1.inheritsSet = VisualStudio
		$1.inheritsScope = text/plain
		$1.scope = text/x-csharp
		$0.CSharpFormattingPolicy = $2
		$2.IndentSwitchBody = True
		$2.AnonymousMethodBraceStyle = NextLine
		$2.PropertyBraceStyle = NextLine
		$2.PropertyGetBraceStyle = NextLine
		$2.PropertySetBraceStyle = NextLine
		$2.EventBraceStyle = NextLine
		$2.EventAddBraceStyle = NextLine
		$2.EventRemoveBraceStyle = NextLine
		$2.StatementBraceStyle = NextLine
		$2.ElseNewLinePlacement = DoNotCare
		$2.CatchNewLinePlacement = NewLine
		$2.FinallyNewLinePlacement = NewLine
		$2.WhileNewLinePlacement = NewLine
		$2.ArrayInitializerWrapping = DoNotChange
		$2.BlankLinesAfterUsings = 2
		$2.BlankLinesBetweenTypes = 2
		$2.BlankLinesBetweenMembers = 2
		$2.inheritsSet = Mono
		$2.inheritsScope = text/x-csharp
		$2.scope = text/x-csharp
	EndGlobalSection
EndGlobal
